// !$*UTF8*$!
{
	archiveVersion = 1;
	classes = {
	};
	objectVersion = 56;
	objects = {

/* Begin PBXBuildFile section */
		2003BA012CDB7498002CAB3E /* PretendardFontName.swift in Sources */ = {isa = PBXBuildFile; fileRef = 2003BA002CDB7498002CAB3E /* PretendardFontName.swift */; };
		2003BA0C2CDB8300002CAB3E /* Pretendard-Medium.otf in Resources */ = {isa = PBXBuildFile; fileRef = 2003BA032CDB82FF002CAB3E /* Pretendard-Medium.otf */; };
		2003BA0D2CDB8300002CAB3E /* Pretendard-Thin.otf in Resources */ = {isa = PBXBuildFile; fileRef = 2003BA042CDB82FF002CAB3E /* Pretendard-Thin.otf */; };
		2003BA0E2CDB8300002CAB3E /* Pretendard-Black.otf in Resources */ = {isa = PBXBuildFile; fileRef = 2003BA052CDB8300002CAB3E /* Pretendard-Black.otf */; };
		2003BA0F2CDB8300002CAB3E /* Pretendard-Light.otf in Resources */ = {isa = PBXBuildFile; fileRef = 2003BA062CDB8300002CAB3E /* Pretendard-Light.otf */; };
		2003BA102CDB8300002CAB3E /* Pretendard-ExtraBold.otf in Resources */ = {isa = PBXBuildFile; fileRef = 2003BA072CDB8300002CAB3E /* Pretendard-ExtraBold.otf */; };
		2003BA112CDB8300002CAB3E /* Pretendard-Regular.otf in Resources */ = {isa = PBXBuildFile; fileRef = 2003BA082CDB8300002CAB3E /* Pretendard-Regular.otf */; };
		2003BA122CDB8300002CAB3E /* Pretendard-SemiBold.otf in Resources */ = {isa = PBXBuildFile; fileRef = 2003BA092CDB8300002CAB3E /* Pretendard-SemiBold.otf */; };
		2003BA132CDB8300002CAB3E /* Pretendard-ExtraLight.otf in Resources */ = {isa = PBXBuildFile; fileRef = 2003BA0A2CDB8300002CAB3E /* Pretendard-ExtraLight.otf */; };
		2003BA142CDB8300002CAB3E /* Pretendard-Bold.otf in Resources */ = {isa = PBXBuildFile; fileRef = 2003BA0B2CDB8300002CAB3E /* Pretendard-Bold.otf */; };
		2003BA162CDB8D69002CAB3E /* Font+Extension.swift in Sources */ = {isa = PBXBuildFile; fileRef = 2003BA152CDB8D69002CAB3E /* Font+Extension.swift */; };
		2003BA1C2CDB8EE5002CAB3E /* UILabel+Extension.swift in Sources */ = {isa = PBXBuildFile; fileRef = 2003BA1B2CDB8EE5002CAB3E /* UILabel+Extension.swift */; };
		2003BA222CDCB31B002CAB3E /* SwipeMusicViewModel.swift in Sources */ = {isa = PBXBuildFile; fileRef = 2003BA212CDCB31B002CAB3E /* SwipeMusicViewModel.swift */; };
		2008FCBB2CE8A1B90060F3B8 /* PlaylistEntity.swift in Sources */ = {isa = PBXBuildFile; fileRef = 2008FCBA2CE8A1B90060F3B8 /* PlaylistEntity.swift */; };
		2009183C2CEC9C0E0058D8C7 /* CurrentPlaylistRepository.swift in Sources */ = {isa = PBXBuildFile; fileRef = 2009183B2CEC9C0E0058D8C7 /* CurrentPlaylistRepository.swift */; };
		2009183E2CEC9C5B0058D8C7 /* DefaultCurrentPlaylistRepository.swift in Sources */ = {isa = PBXBuildFile; fileRef = 2009183D2CEC9C5B0058D8C7 /* DefaultCurrentPlaylistRepository.swift */; };
		200918422CECA79A0058D8C7 /* UserDefaultsError.swift in Sources */ = {isa = PBXBuildFile; fileRef = 200918412CECA79A0058D8C7 /* UserDefaultsError.swift */; };
		200918442CECA8170058D8C7 /* DefaultCurrentPlaylistRepositoryTests.swift in Sources */ = {isa = PBXBuildFile; fileRef = 200918432CECA8170058D8C7 /* DefaultCurrentPlaylistRepositoryTests.swift */; };
		200918482CECAB4D0058D8C7 /* UserDefaultsKey.swift in Sources */ = {isa = PBXBuildFile; fileRef = 200918472CECAB4D0058D8C7 /* UserDefaultsKey.swift */; };
		2010484B2CE9FC8D0015E800 /* Secrets.xcconfig in Resources */ = {isa = PBXBuildFile; fileRef = 2010484A2CE9FC8D0015E800 /* Secrets.xcconfig */; };
		2010484D2CE9FF570015E800 /* CreatePlaylistView.swift in Sources */ = {isa = PBXBuildFile; fileRef = 2010484C2CE9FF570015E800 /* CreatePlaylistView.swift */; };
		2010484F2CEA0B300015E800 /* BasicButton.swift in Sources */ = {isa = PBXBuildFile; fileRef = 2010484E2CEA0B300015E800 /* BasicButton.swift */; };
		201048512CEA23190015E800 /* addGradientBackground.swift in Sources */ = {isa = PBXBuildFile; fileRef = 201048502CEA23190015E800 /* addGradientBackground.swift */; };
		201048542CEA280E0015E800 /* presentCustomSheet.swift in Sources */ = {isa = PBXBuildFile; fileRef = 201048532CEA280E0015E800 /* presentCustomSheet.swift */; };
		201048592CEA2B020015E800 /* CreatePlaylistUseCase.swift in Sources */ = {isa = PBXBuildFile; fileRef = 201048582CEA2B020015E800 /* CreatePlaylistUseCase.swift */; };
		2010485B2CEA2B1B0015E800 /* DefaultCreatePlaylistUseCase.swift in Sources */ = {isa = PBXBuildFile; fileRef = 2010485A2CEA2B1B0015E800 /* DefaultCreatePlaylistUseCase.swift */; };
		20150EC52CEA36B700FC8883 /* Playlist+CoreDataClass.swift in Sources */ = {isa = PBXBuildFile; fileRef = 20150EC32CEA36B700FC8883 /* Playlist+CoreDataClass.swift */; };
		20150EC62CEA36B700FC8883 /* Playlist+CoreDataProperties.swift in Sources */ = {isa = PBXBuildFile; fileRef = 20150EC42CEA36B700FC8883 /* Playlist+CoreDataProperties.swift */; };
		20397E512CE33C03004ED9CE /* SwipeMusicPlayer.swift in Sources */ = {isa = PBXBuildFile; fileRef = 20397E502CE33C03004ED9CE /* SwipeMusicPlayer.swift */; };
		20397E5A2CE5CB3C004ED9CE /* PlaylistRepository.swift in Sources */ = {isa = PBXBuildFile; fileRef = 20397E592CE5CB3C004ED9CE /* PlaylistRepository.swift */; };
		20397E6A2CE5DCDD004ED9CE /* MolioModel.xcdatamodeld in Sources */ = {isa = PBXBuildFile; fileRef = 20397E682CE5DCDD004ED9CE /* MolioModel.xcdatamodeld */; };
		20397E702CE5DE56004ED9CE /* PersistenceManager.swift in Sources */ = {isa = PBXBuildFile; fileRef = 20397E6F2CE5DE56004ED9CE /* PersistenceManager.swift */; };
		20397E722CE5DFC6004ED9CE /* DefaultPlaylistRepository.swift in Sources */ = {isa = PBXBuildFile; fileRef = 20397E712CE5DFC6004ED9CE /* DefaultPlaylistRepository.swift */; };
		20397E802CE5FD0A004ED9CE /* DefaultPlaylistRepositoryTests.swift in Sources */ = {isa = PBXBuildFile; fileRef = 20397E7F2CE5FD0A004ED9CE /* DefaultPlaylistRepositoryTests.swift */; };
		2075FEC12CECDDC0009834BE /* CreatePlaylistViewModel.swift in Sources */ = {isa = PBXBuildFile; fileRef = 2075FEC02CECDDC0009834BE /* CreatePlaylistViewModel.swift */; };
		2075FEC42CECDE29009834BE /* ChangeCurrentPlaylistIUseCase.swift in Sources */ = {isa = PBXBuildFile; fileRef = 2075FEC32CECDE29009834BE /* ChangeCurrentPlaylistIUseCase.swift */; };
		2075FEC62CECDE37009834BE /* DefaultChangeCurrentPlaylistIUseCase.swift in Sources */ = {isa = PBXBuildFile; fileRef = 2075FEC52CECDE37009834BE /* DefaultChangeCurrentPlaylistIUseCase.swift */; };
		2075FEC82CECDF4D009834BE /* CoreDataError.swift in Sources */ = {isa = PBXBuildFile; fileRef = 2075FEC72CECDF4D009834BE /* CoreDataError.swift */; };
		881622692CE3671400E81EA0 /* RandomMusicDeck.swift in Sources */ = {isa = PBXBuildFile; fileRef = 881622682CE3671400E81EA0 /* RandomMusicDeck.swift */; };
		8816226B2CE3838B00E81EA0 /* DeckTests.swift in Sources */ = {isa = PBXBuildFile; fileRef = 8816226A2CE3838B00E81EA0 /* DeckTests.swift */; };
		8816226D2CE3B11C00E81EA0 /* MusicDeck.swift in Sources */ = {isa = PBXBuildFile; fileRef = 8816226C2CE3B11C00E81EA0 /* MusicDeck.swift */; };
		8816226F2CE3B14200E81EA0 /* MusicFilterProvider.swift in Sources */ = {isa = PBXBuildFile; fileRef = 8816226E2CE3B14200E81EA0 /* MusicFilterProvider.swift */; };
		881622712CE3B16200E81EA0 /* MockMusicFilterProvider.swift in Sources */ = {isa = PBXBuildFile; fileRef = 881622702CE3B16200E81EA0 /* MockMusicFilterProvider.swift */; };
		881BBCB22CDCF91B00010A61 /* MockSpotifyAPIService.swift in Sources */ = {isa = PBXBuildFile; fileRef = 881BBCAF2CDCF91B00010A61 /* MockSpotifyAPIService.swift */; };
		881BBCB42CDCF91B00010A61 /* SpotifyTokenProvider.swift in Sources */ = {isa = PBXBuildFile; fileRef = 881BBCAD2CDCF91B00010A61 /* SpotifyTokenProvider.swift */; };
		881BBCB52CDCF91B00010A61 /* MockSpotifyTokenProvider.swift in Sources */ = {isa = PBXBuildFile; fileRef = 881BBCAC2CDCF91B00010A61 /* MockSpotifyTokenProvider.swift */; };
		881BBCB62CDCF91B00010A61 /* SpotifyAPIService.swift in Sources */ = {isa = PBXBuildFile; fileRef = 881BBCB02CDCF91B00010A61 /* SpotifyAPIService.swift */; };
		881BBCBB2CDCF95600010A61 /* TrackDTO.swift in Sources */ = {isa = PBXBuildFile; fileRef = 881BBCBA2CDCF95600010A61 /* TrackDTO.swift */; };
		881BBCBC2CDCF95600010A61 /* RecommendationsResponseDTO.swift in Sources */ = {isa = PBXBuildFile; fileRef = 881BBCB92CDCF95600010A61 /* RecommendationsResponseDTO.swift */; };
		881BBCBD2CDCF95600010A61 /* ExternalIDsDTO.swift in Sources */ = {isa = PBXBuildFile; fileRef = 881BBCB72CDCF95600010A61 /* ExternalIDsDTO.swift */; };
		881BBCBE2CDCF95600010A61 /* RecommendationsRequestDTO.swift in Sources */ = {isa = PBXBuildFile; fileRef = 881BBCB82CDCF95600010A61 /* RecommendationsRequestDTO.swift */; };
		881BBCC12CDCF97900010A61 /* MusicFilter.swift in Sources */ = {isa = PBXBuildFile; fileRef = 881BBCBF2CDCF97900010A61 /* MusicFilter.swift */; };
		881BBCC22CDCF97900010A61 /* RecommendationRequestEntity.swift in Sources */ = {isa = PBXBuildFile; fileRef = 881BBCC02CDCF97900010A61 /* RecommendationRequestEntity.swift */; };
		B8046A3C2CE755DB00933704 /* Image+Extension.swift in Sources */ = {isa = PBXBuildFile; fileRef = B8046A3B2CE755DB00933704 /* Image+Extension.swift */; };
		B8046A3E2CE8780000933704 /* MusicFilterViewController.swift in Sources */ = {isa = PBXBuildFile; fileRef = B8046A3D2CE8780000933704 /* MusicFilterViewController.swift */; };
		B8046A442CE9250B00933704 /* MusicGenre.swift in Sources */ = {isa = PBXBuildFile; fileRef = B8046A432CE9250B00933704 /* MusicGenre.swift */; };
		B8046A492CEA1AF500933704 /* MusicFilterViewModel.swift in Sources */ = {isa = PBXBuildFile; fileRef = B8046A482CEA1AF500933704 /* MusicFilterViewModel.swift */; };
		B8046A4B2CEA629E00933704 /* SpotifyAvailableGenreSeedsDTO.swift in Sources */ = {isa = PBXBuildFile; fileRef = B8046A4A2CEA629E00933704 /* SpotifyAvailableGenreSeedsDTO.swift */; };
		B8046A4D2CEA62D100933704 /* SpotifyAvailableGenreSeedsDTODummy.swift in Sources */ = {isa = PBXBuildFile; fileRef = B8046A4C2CEA62D100933704 /* SpotifyAvailableGenreSeedsDTODummy.swift */; };
		B8046A542CEB93F900933704 /* FetchAvailableGenresUseCase.swift in Sources */ = {isa = PBXBuildFile; fileRef = B8046A532CEB93F900933704 /* FetchAvailableGenresUseCase.swift */; };
		B8046A562CEB943B00933704 /* DefaultFetchAvailableGenresUseCase.swift in Sources */ = {isa = PBXBuildFile; fileRef = B8046A552CEB943B00933704 /* DefaultFetchAvailableGenresUseCase.swift */; };
		B8046A582CEBC08300933704 /* MockDefaultFetchAvailableGenresUseCase.swift in Sources */ = {isa = PBXBuildFile; fileRef = B8046A572CEBC08300933704 /* MockDefaultFetchAvailableGenresUseCase.swift */; };
		B809709E2CDB640B007BC3C4 /* MusicKitService.swift in Sources */ = {isa = PBXBuildFile; fileRef = B809709D2CDB640B007BC3C4 /* MusicKitService.swift */; };
		B88F80BB2CE48C59000480E6 /* MusicFilterView.swift in Sources */ = {isa = PBXBuildFile; fileRef = B88F80BA2CE48C59000480E6 /* MusicFilterView.swift */; };
		B88F80BC2CE490CD000480E6 /* Text+Extension.swift in Sources */ = {isa = PBXBuildFile; fileRef = 2003BA172CDB8DE0002CAB3E /* Text+Extension.swift */; };
		B88F80BE2CE4927B000480E6 /* FilterTag.swift in Sources */ = {isa = PBXBuildFile; fileRef = B88F80BD2CE4927B000480E6 /* FilterTag.swift */; };
		B88F80C22CE4B23B000480E6 /* TagLayout.swift in Sources */ = {isa = PBXBuildFile; fileRef = B88F80C12CE4B23B000480E6 /* TagLayout.swift */; };
		B8D553E82CDFE25C007CCD6D /* NetworkProvider.swift in Sources */ = {isa = PBXBuildFile; fileRef = B8D553E72CDFE25C007CCD6D /* NetworkProvider.swift */; };
		B8D553EA2CDFE271007CCD6D /* EndPoint.swift in Sources */ = {isa = PBXBuildFile; fileRef = B8D553E92CDFE271007CCD6D /* EndPoint.swift */; };
		B8D553EC2CDFE29D007CCD6D /* NetworkError.swift in Sources */ = {isa = PBXBuildFile; fileRef = B8D553EB2CDFE29D007CCD6D /* NetworkError.swift */; };
		B8D553EE2CDFE2C0007CCD6D /* HTTPResponseStatusCode.swift in Sources */ = {isa = PBXBuildFile; fileRef = B8D553ED2CDFE2C0007CCD6D /* HTTPResponseStatusCode.swift */; };
		B8D553F02CDFE2F5007CCD6D /* HTTPMethod.swift in Sources */ = {isa = PBXBuildFile; fileRef = B8D553EF2CDFE2F5007CCD6D /* HTTPMethod.swift */; };
		B8D553F22CDFE33A007CCD6D /* SpotifyAuthorizationAPI.swift in Sources */ = {isa = PBXBuildFile; fileRef = B8D553F12CDFE33A007CCD6D /* SpotifyAuthorizationAPI.swift */; };
		B8D554062CE0ED2C007CCD6D /* SpotifyAPI.swift in Sources */ = {isa = PBXBuildFile; fileRef = B8D554052CE0ED2C007CCD6D /* SpotifyAPI.swift */; };
		B8D554802CE0F152007CCD6D /* RecommendationsResponseDTODummy.swift in Sources */ = {isa = PBXBuildFile; fileRef = B8D5547F2CE0F152007CCD6D /* RecommendationsResponseDTODummy.swift */; };
		B8D554842CE0F3F3007CCD6D /* SpotifyAccessTokenResponseDTO.swift in Sources */ = {isa = PBXBuildFile; fileRef = B8D553F82CDFE8FE007CCD6D /* SpotifyAccessTokenResponseDTO.swift */; };
		B8D554852CE0F411007CCD6D /* SpotifyAccessTokenResponseDTODummy.swift in Sources */ = {isa = PBXBuildFile; fileRef = B8D553FC2CDFEA78007CCD6D /* SpotifyAccessTokenResponseDTODummy.swift */; };
		B8D554862CE0F417007CCD6D /* MockURLProtocol.swift in Sources */ = {isa = PBXBuildFile; fileRef = B8D553F42CDFE5F0007CCD6D /* MockURLProtocol.swift */; };
		B8D554872CE0F41F007CCD6D /* NetworkProviderTests.swift in Sources */ = {isa = PBXBuildFile; fileRef = B8D553F62CDFE623007CCD6D /* NetworkProviderTests.swift */; };
		B8D554892CE10A3A007CCD6D /* DefaultSpotifyAPIService.swift in Sources */ = {isa = PBXBuildFile; fileRef = B8D554882CE10A3A007CCD6D /* DefaultSpotifyAPIService.swift */; };
		B8D554C02CE322CF007CCD6D /* SpotifyTokenProviderError.swift in Sources */ = {isa = PBXBuildFile; fileRef = B8D554BF2CE322CF007CCD6D /* SpotifyTokenProviderError.swift */; };
		B8D554C22CE32B9A007CCD6D /* SpotifyTokenProviderTests.swift in Sources */ = {isa = PBXBuildFile; fileRef = B8D554C12CE32B9A007CCD6D /* SpotifyTokenProviderTests.swift */; };
		B8D554C42CE33979007CCD6D /* MockNetworkProvider.swift in Sources */ = {isa = PBXBuildFile; fileRef = B8D554C32CE33979007CCD6D /* MockNetworkProvider.swift */; };
		B8D554C62CE339BC007CCD6D /* DefaultSpotifyTokenProvider.swift in Sources */ = {isa = PBXBuildFile; fileRef = B8D554C52CE339BC007CCD6D /* DefaultSpotifyTokenProvider.swift */; };
		B8D554C82CE34A47007CCD6D /* String+Extension.swift in Sources */ = {isa = PBXBuildFile; fileRef = B8D554C72CE34A47007CCD6D /* String+Extension.swift */; };
		F17368F92CD86B1100F6242C /* AppDelegate.swift in Sources */ = {isa = PBXBuildFile; fileRef = F17368F82CD86B1100F6242C /* AppDelegate.swift */; };
		F17368FB2CD86B1100F6242C /* SceneDelegate.swift in Sources */ = {isa = PBXBuildFile; fileRef = F17368FA2CD86B1100F6242C /* SceneDelegate.swift */; };
		F17369022CD86B1300F6242C /* Assets.xcassets in Resources */ = {isa = PBXBuildFile; fileRef = F17369012CD86B1300F6242C /* Assets.xcassets */; };
		F17369052CD86B1300F6242C /* Base in Resources */ = {isa = PBXBuildFile; fileRef = F17369042CD86B1300F6242C /* Base */; };
		F17369122CDAFE8C00F6242C /* .swiftlint.yml in Resources */ = {isa = PBXBuildFile; fileRef = F17369112CDAFE8C00F6242C /* .swiftlint.yml */; };
		F173691F2CDB995100F6242C /* SwipeMusicViewController.swift in Sources */ = {isa = PBXBuildFile; fileRef = F173691E2CDB995100F6242C /* SwipeMusicViewController.swift */; };
		F17369232CDC5E5F00F6242C /* MusicTagView.swift in Sources */ = {isa = PBXBuildFile; fileRef = F17369222CDC5E5F00F6242C /* MusicTagView.swift */; };
		F17369252CDC662A00F6242C /* CircleMenuButton.swift in Sources */ = {isa = PBXBuildFile; fileRef = F17369242CDC662A00F6242C /* CircleMenuButton.swift */; };
		F17369292CDC79E100F6242C /* MusicCardView.swift in Sources */ = {isa = PBXBuildFile; fileRef = F17369282CDC79E100F6242C /* MusicCardView.swift */; };
		F173692D2CDC9CF300F6242C /* UIColor+Extension.swift in Sources */ = {isa = PBXBuildFile; fileRef = F173692C2CDC9CF300F6242C /* UIColor+Extension.swift */; };
		F173693D2CDF191800F6242C /* MolioMusic.swift in Sources */ = {isa = PBXBuildFile; fileRef = F173693C2CDF191800F6242C /* MolioMusic.swift */; };
		F173693F2CDF21BC00F6242C /* RecommendedMusicRepository.swift in Sources */ = {isa = PBXBuildFile; fileRef = F173693E2CDF21BC00F6242C /* RecommendedMusicRepository.swift */; };
		F17369462CDF24A100F6242C /* FetchRecommendedMusicUseCase.swift in Sources */ = {isa = PBXBuildFile; fileRef = F17369452CDF24A100F6242C /* FetchRecommendedMusicUseCase.swift */; };
		F17369492CDF250200F6242C /* DefaultFetchRecommendedMusicUseCase.swift in Sources */ = {isa = PBXBuildFile; fileRef = F17369482CDF250200F6242C /* DefaultFetchRecommendedMusicUseCase.swift */; };
		F173694B2CDF265900F6242C /* DefaultRecommendedMusicRepository.swift in Sources */ = {isa = PBXBuildFile; fileRef = F173694A2CDF265900F6242C /* DefaultRecommendedMusicRepository.swift */; };
		F17369522CDFA7DC00F6242C /* SongMapper.swift in Sources */ = {isa = PBXBuildFile; fileRef = F17369512CDFA7DC00F6242C /* SongMapper.swift */; };
		F17369542CDFA9FD00F6242C /* CGColorMapper.swift in Sources */ = {isa = PBXBuildFile; fileRef = F17369532CDFA9FD00F6242C /* CGColorMapper.swift */; };
		F17369572CDFB03E00F6242C /* DefaultMusicKitService.swift in Sources */ = {isa = PBXBuildFile; fileRef = F17369562CDFB03E00F6242C /* DefaultMusicKitService.swift */; };
		F17369592CDFB73000F6242C /* RGBAColor.swift in Sources */ = {isa = PBXBuildFile; fileRef = F17369582CDFB73000F6242C /* RGBAColor.swift */; };
		F173695D2CE31CBA00F6242C /* InputOutputViewModel.swift in Sources */ = {isa = PBXBuildFile; fileRef = F173695C2CE31CBA00F6242C /* InputOutputViewModel.swift */; };
		F17369612CE36D8000F6242C /* FetchImageUseCase.swift in Sources */ = {isa = PBXBuildFile; fileRef = F17369602CE36D8000F6242C /* FetchImageUseCase.swift */; };
		F17369642CE36DE300F6242C /* DefaultFetchImageUseCase.swift in Sources */ = {isa = PBXBuildFile; fileRef = F17369632CE36DE300F6242C /* DefaultFetchImageUseCase.swift */; };
		F17369662CE36E2900F6242C /* ImageRepository.swift in Sources */ = {isa = PBXBuildFile; fileRef = F17369652CE36E2900F6242C /* ImageRepository.swift */; };
		F17369682CE36E8F00F6242C /* DefaultImageRepository.swift in Sources */ = {isa = PBXBuildFile; fileRef = F17369672CE36E8F00F6242C /* DefaultImageRepository.swift */; };
		F17369702CE3710A00F6242C /* ImageFetchService.swift in Sources */ = {isa = PBXBuildFile; fileRef = F173696F2CE3710A00F6242C /* ImageFetchService.swift */; };
		F17369722CE3716100F6242C /* DafaultImageProvider.swift in Sources */ = {isa = PBXBuildFile; fileRef = F17369712CE3716100F6242C /* DafaultImageProvider.swift */; };
		F17369742CE3733300F6242C /* ImageFecthError.swift in Sources */ = {isa = PBXBuildFile; fileRef = F17369732CE3733300F6242C /* ImageFecthError.swift */; };
		F17369772CE389AA00F6242C /* SwipeMusicTrackModel.swift in Sources */ = {isa = PBXBuildFile; fileRef = F17369762CE389AA00F6242C /* SwipeMusicTrackModel.swift */; };
		F173697B2CE4AAC600F6242C /* AudioPlayer.swift in Sources */ = {isa = PBXBuildFile; fileRef = F173697A2CE4AAC600F6242C /* AudioPlayer.swift */; };
		F1E4058C2CEB8FC500533701 /* LoginViewController.swift in Sources */ = {isa = PBXBuildFile; fileRef = F1E4058B2CEB8FC500533701 /* LoginViewController.swift */; };
/* End PBXBuildFile section */

/* Begin PBXContainerItemProxy section */
		F17369372CDCE31C00F6242C /* PBXContainerItemProxy */ = {
			isa = PBXContainerItemProxy;
			containerPortal = F17368ED2CD86B1100F6242C /* Project object */;
			proxyType = 1;
			remoteGlobalIDString = F17368F42CD86B1100F6242C;
			remoteInfo = Molio;
		};
/* End PBXContainerItemProxy section */

/* Begin PBXFileReference section */
		2003BA002CDB7498002CAB3E /* PretendardFontName.swift */ = {isa = PBXFileReference; lastKnownFileType = sourcecode.swift; path = PretendardFontName.swift; sourceTree = "<group>"; };
		2003BA032CDB82FF002CAB3E /* Pretendard-Medium.otf */ = {isa = PBXFileReference; lastKnownFileType = file; path = "Pretendard-Medium.otf"; sourceTree = "<group>"; };
		2003BA042CDB82FF002CAB3E /* Pretendard-Thin.otf */ = {isa = PBXFileReference; lastKnownFileType = file; path = "Pretendard-Thin.otf"; sourceTree = "<group>"; };
		2003BA052CDB8300002CAB3E /* Pretendard-Black.otf */ = {isa = PBXFileReference; lastKnownFileType = file; path = "Pretendard-Black.otf"; sourceTree = "<group>"; };
		2003BA062CDB8300002CAB3E /* Pretendard-Light.otf */ = {isa = PBXFileReference; lastKnownFileType = file; path = "Pretendard-Light.otf"; sourceTree = "<group>"; };
		2003BA072CDB8300002CAB3E /* Pretendard-ExtraBold.otf */ = {isa = PBXFileReference; lastKnownFileType = file; path = "Pretendard-ExtraBold.otf"; sourceTree = "<group>"; };
		2003BA082CDB8300002CAB3E /* Pretendard-Regular.otf */ = {isa = PBXFileReference; lastKnownFileType = file; path = "Pretendard-Regular.otf"; sourceTree = "<group>"; };
		2003BA092CDB8300002CAB3E /* Pretendard-SemiBold.otf */ = {isa = PBXFileReference; lastKnownFileType = file; path = "Pretendard-SemiBold.otf"; sourceTree = "<group>"; };
		2003BA0A2CDB8300002CAB3E /* Pretendard-ExtraLight.otf */ = {isa = PBXFileReference; lastKnownFileType = file; path = "Pretendard-ExtraLight.otf"; sourceTree = "<group>"; };
		2003BA0B2CDB8300002CAB3E /* Pretendard-Bold.otf */ = {isa = PBXFileReference; lastKnownFileType = file; path = "Pretendard-Bold.otf"; sourceTree = "<group>"; };
		2003BA152CDB8D69002CAB3E /* Font+Extension.swift */ = {isa = PBXFileReference; lastKnownFileType = sourcecode.swift; path = "Font+Extension.swift"; sourceTree = "<group>"; };
		2003BA172CDB8DE0002CAB3E /* Text+Extension.swift */ = {isa = PBXFileReference; lastKnownFileType = sourcecode.swift; path = "Text+Extension.swift"; sourceTree = "<group>"; };
		2003BA1B2CDB8EE5002CAB3E /* UILabel+Extension.swift */ = {isa = PBXFileReference; lastKnownFileType = sourcecode.swift; path = "UILabel+Extension.swift"; sourceTree = "<group>"; };
		2003BA212CDCB31B002CAB3E /* SwipeMusicViewModel.swift */ = {isa = PBXFileReference; lastKnownFileType = sourcecode.swift; path = SwipeMusicViewModel.swift; sourceTree = "<group>"; };
		2008FCBA2CE8A1B90060F3B8 /* PlaylistEntity.swift */ = {isa = PBXFileReference; lastKnownFileType = sourcecode.swift; path = PlaylistEntity.swift; sourceTree = "<group>"; };
		2009183B2CEC9C0E0058D8C7 /* CurrentPlaylistRepository.swift */ = {isa = PBXFileReference; lastKnownFileType = sourcecode.swift; path = CurrentPlaylistRepository.swift; sourceTree = "<group>"; };
		2009183D2CEC9C5B0058D8C7 /* DefaultCurrentPlaylistRepository.swift */ = {isa = PBXFileReference; lastKnownFileType = sourcecode.swift; path = DefaultCurrentPlaylistRepository.swift; sourceTree = "<group>"; };
		200918412CECA79A0058D8C7 /* UserDefaultsError.swift */ = {isa = PBXFileReference; lastKnownFileType = sourcecode.swift; path = UserDefaultsError.swift; sourceTree = "<group>"; };
		200918432CECA8170058D8C7 /* DefaultCurrentPlaylistRepositoryTests.swift */ = {isa = PBXFileReference; lastKnownFileType = sourcecode.swift; path = DefaultCurrentPlaylistRepositoryTests.swift; sourceTree = "<group>"; };
		200918472CECAB4D0058D8C7 /* UserDefaultsKey.swift */ = {isa = PBXFileReference; lastKnownFileType = sourcecode.swift; path = UserDefaultsKey.swift; sourceTree = "<group>"; };
		2010484A2CE9FC8D0015E800 /* Secrets.xcconfig */ = {isa = PBXFileReference; lastKnownFileType = text.xcconfig; path = Secrets.xcconfig; sourceTree = "<group>"; };
		2010484C2CE9FF570015E800 /* CreatePlaylistView.swift */ = {isa = PBXFileReference; lastKnownFileType = sourcecode.swift; path = CreatePlaylistView.swift; sourceTree = "<group>"; };
		2010484E2CEA0B300015E800 /* BasicButton.swift */ = {isa = PBXFileReference; lastKnownFileType = sourcecode.swift; path = BasicButton.swift; sourceTree = "<group>"; };
		201048502CEA23190015E800 /* addGradientBackground.swift */ = {isa = PBXFileReference; lastKnownFileType = sourcecode.swift; path = addGradientBackground.swift; sourceTree = "<group>"; };
		201048532CEA280E0015E800 /* presentCustomSheet.swift */ = {isa = PBXFileReference; lastKnownFileType = sourcecode.swift; path = presentCustomSheet.swift; sourceTree = "<group>"; };
		201048582CEA2B020015E800 /* CreatePlaylistUseCase.swift */ = {isa = PBXFileReference; lastKnownFileType = sourcecode.swift; path = CreatePlaylistUseCase.swift; sourceTree = "<group>"; };
		2010485A2CEA2B1B0015E800 /* DefaultCreatePlaylistUseCase.swift */ = {isa = PBXFileReference; lastKnownFileType = sourcecode.swift; path = DefaultCreatePlaylistUseCase.swift; sourceTree = "<group>"; };
		20150EC32CEA36B700FC8883 /* Playlist+CoreDataClass.swift */ = {isa = PBXFileReference; lastKnownFileType = sourcecode.swift; path = "Playlist+CoreDataClass.swift"; sourceTree = "<group>"; };
		20150EC42CEA36B700FC8883 /* Playlist+CoreDataProperties.swift */ = {isa = PBXFileReference; lastKnownFileType = sourcecode.swift; path = "Playlist+CoreDataProperties.swift"; sourceTree = "<group>"; };
		20397E502CE33C03004ED9CE /* SwipeMusicPlayer.swift */ = {isa = PBXFileReference; lastKnownFileType = sourcecode.swift; path = SwipeMusicPlayer.swift; sourceTree = "<group>"; };
		20397E592CE5CB3C004ED9CE /* PlaylistRepository.swift */ = {isa = PBXFileReference; lastKnownFileType = sourcecode.swift; path = PlaylistRepository.swift; sourceTree = "<group>"; };
		20397E692CE5DCDD004ED9CE /* MolioModel.xcdatamodel */ = {isa = PBXFileReference; lastKnownFileType = wrapper.xcdatamodel; path = MolioModel.xcdatamodel; sourceTree = "<group>"; };
		20397E6F2CE5DE56004ED9CE /* PersistenceManager.swift */ = {isa = PBXFileReference; lastKnownFileType = sourcecode.swift; path = PersistenceManager.swift; sourceTree = "<group>"; };
		20397E712CE5DFC6004ED9CE /* DefaultPlaylistRepository.swift */ = {isa = PBXFileReference; lastKnownFileType = sourcecode.swift; path = DefaultPlaylistRepository.swift; sourceTree = "<group>"; };
		20397E7F2CE5FD0A004ED9CE /* DefaultPlaylistRepositoryTests.swift */ = {isa = PBXFileReference; lastKnownFileType = sourcecode.swift; path = DefaultPlaylistRepositoryTests.swift; sourceTree = "<group>"; };
		2075FEC02CECDDC0009834BE /* CreatePlaylistViewModel.swift */ = {isa = PBXFileReference; lastKnownFileType = sourcecode.swift; path = CreatePlaylistViewModel.swift; sourceTree = "<group>"; };
		2075FEC32CECDE29009834BE /* ChangeCurrentPlaylistIUseCase.swift */ = {isa = PBXFileReference; lastKnownFileType = sourcecode.swift; path = ChangeCurrentPlaylistIUseCase.swift; sourceTree = "<group>"; };
		2075FEC52CECDE37009834BE /* DefaultChangeCurrentPlaylistIUseCase.swift */ = {isa = PBXFileReference; lastKnownFileType = sourcecode.swift; path = DefaultChangeCurrentPlaylistIUseCase.swift; sourceTree = "<group>"; };
		2075FEC72CECDF4D009834BE /* CoreDataError.swift */ = {isa = PBXFileReference; lastKnownFileType = sourcecode.swift; path = CoreDataError.swift; sourceTree = "<group>"; };
		881622682CE3671400E81EA0 /* RandomMusicDeck.swift */ = {isa = PBXFileReference; lastKnownFileType = sourcecode.swift; path = RandomMusicDeck.swift; sourceTree = "<group>"; };
		8816226A2CE3838B00E81EA0 /* DeckTests.swift */ = {isa = PBXFileReference; lastKnownFileType = sourcecode.swift; path = DeckTests.swift; sourceTree = "<group>"; };
		8816226C2CE3B11C00E81EA0 /* MusicDeck.swift */ = {isa = PBXFileReference; lastKnownFileType = sourcecode.swift; path = MusicDeck.swift; sourceTree = "<group>"; };
		8816226E2CE3B14200E81EA0 /* MusicFilterProvider.swift */ = {isa = PBXFileReference; lastKnownFileType = sourcecode.swift; path = MusicFilterProvider.swift; sourceTree = "<group>"; };
		881622702CE3B16200E81EA0 /* MockMusicFilterProvider.swift */ = {isa = PBXFileReference; lastKnownFileType = sourcecode.swift; path = MockMusicFilterProvider.swift; sourceTree = "<group>"; };
		881BBCAC2CDCF91B00010A61 /* MockSpotifyTokenProvider.swift */ = {isa = PBXFileReference; lastKnownFileType = sourcecode.swift; path = MockSpotifyTokenProvider.swift; sourceTree = "<group>"; };
		881BBCAD2CDCF91B00010A61 /* SpotifyTokenProvider.swift */ = {isa = PBXFileReference; lastKnownFileType = sourcecode.swift; path = SpotifyTokenProvider.swift; sourceTree = "<group>"; };
		881BBCAF2CDCF91B00010A61 /* MockSpotifyAPIService.swift */ = {isa = PBXFileReference; lastKnownFileType = sourcecode.swift; path = MockSpotifyAPIService.swift; sourceTree = "<group>"; };
		881BBCB02CDCF91B00010A61 /* SpotifyAPIService.swift */ = {isa = PBXFileReference; lastKnownFileType = sourcecode.swift; path = SpotifyAPIService.swift; sourceTree = "<group>"; };
		881BBCB72CDCF95600010A61 /* ExternalIDsDTO.swift */ = {isa = PBXFileReference; lastKnownFileType = sourcecode.swift; path = ExternalIDsDTO.swift; sourceTree = "<group>"; };
		881BBCB82CDCF95600010A61 /* RecommendationsRequestDTO.swift */ = {isa = PBXFileReference; lastKnownFileType = sourcecode.swift; path = RecommendationsRequestDTO.swift; sourceTree = "<group>"; };
		881BBCB92CDCF95600010A61 /* RecommendationsResponseDTO.swift */ = {isa = PBXFileReference; lastKnownFileType = sourcecode.swift; path = RecommendationsResponseDTO.swift; sourceTree = "<group>"; };
		881BBCBA2CDCF95600010A61 /* TrackDTO.swift */ = {isa = PBXFileReference; lastKnownFileType = sourcecode.swift; path = TrackDTO.swift; sourceTree = "<group>"; };
		881BBCBF2CDCF97900010A61 /* MusicFilter.swift */ = {isa = PBXFileReference; lastKnownFileType = sourcecode.swift; path = MusicFilter.swift; sourceTree = "<group>"; };
		881BBCC02CDCF97900010A61 /* RecommendationRequestEntity.swift */ = {isa = PBXFileReference; lastKnownFileType = sourcecode.swift; path = RecommendationRequestEntity.swift; sourceTree = "<group>"; };
		B8046A3B2CE755DB00933704 /* Image+Extension.swift */ = {isa = PBXFileReference; lastKnownFileType = sourcecode.swift; path = "Image+Extension.swift"; sourceTree = "<group>"; };
		B8046A3D2CE8780000933704 /* MusicFilterViewController.swift */ = {isa = PBXFileReference; lastKnownFileType = sourcecode.swift; path = MusicFilterViewController.swift; sourceTree = "<group>"; };
		B8046A432CE9250B00933704 /* MusicGenre.swift */ = {isa = PBXFileReference; lastKnownFileType = sourcecode.swift; path = MusicGenre.swift; sourceTree = "<group>"; };
		B8046A482CEA1AF500933704 /* MusicFilterViewModel.swift */ = {isa = PBXFileReference; lastKnownFileType = sourcecode.swift; path = MusicFilterViewModel.swift; sourceTree = "<group>"; };
		B8046A4A2CEA629E00933704 /* SpotifyAvailableGenreSeedsDTO.swift */ = {isa = PBXFileReference; lastKnownFileType = sourcecode.swift; path = SpotifyAvailableGenreSeedsDTO.swift; sourceTree = "<group>"; };
		B8046A4C2CEA62D100933704 /* SpotifyAvailableGenreSeedsDTODummy.swift */ = {isa = PBXFileReference; lastKnownFileType = sourcecode.swift; path = SpotifyAvailableGenreSeedsDTODummy.swift; sourceTree = "<group>"; };
		B8046A532CEB93F900933704 /* FetchAvailableGenresUseCase.swift */ = {isa = PBXFileReference; lastKnownFileType = sourcecode.swift; path = FetchAvailableGenresUseCase.swift; sourceTree = "<group>"; };
		B8046A552CEB943B00933704 /* DefaultFetchAvailableGenresUseCase.swift */ = {isa = PBXFileReference; lastKnownFileType = sourcecode.swift; path = DefaultFetchAvailableGenresUseCase.swift; sourceTree = "<group>"; };
		B8046A572CEBC08300933704 /* MockDefaultFetchAvailableGenresUseCase.swift */ = {isa = PBXFileReference; lastKnownFileType = sourcecode.swift; path = MockDefaultFetchAvailableGenresUseCase.swift; sourceTree = "<group>"; };
		B809709D2CDB640B007BC3C4 /* MusicKitService.swift */ = {isa = PBXFileReference; lastKnownFileType = sourcecode.swift; path = MusicKitService.swift; sourceTree = "<group>"; };
		B88F80BA2CE48C59000480E6 /* MusicFilterView.swift */ = {isa = PBXFileReference; lastKnownFileType = sourcecode.swift; path = MusicFilterView.swift; sourceTree = "<group>"; };
		B88F80BD2CE4927B000480E6 /* FilterTag.swift */ = {isa = PBXFileReference; lastKnownFileType = sourcecode.swift; path = FilterTag.swift; sourceTree = "<group>"; };
		B88F80C12CE4B23B000480E6 /* TagLayout.swift */ = {isa = PBXFileReference; lastKnownFileType = sourcecode.swift; path = TagLayout.swift; sourceTree = "<group>"; };
		B8D553E72CDFE25C007CCD6D /* NetworkProvider.swift */ = {isa = PBXFileReference; lastKnownFileType = sourcecode.swift; path = NetworkProvider.swift; sourceTree = "<group>"; };
		B8D553E92CDFE271007CCD6D /* EndPoint.swift */ = {isa = PBXFileReference; lastKnownFileType = sourcecode.swift; path = EndPoint.swift; sourceTree = "<group>"; };
		B8D553EB2CDFE29D007CCD6D /* NetworkError.swift */ = {isa = PBXFileReference; lastKnownFileType = sourcecode.swift; path = NetworkError.swift; sourceTree = "<group>"; };
		B8D553ED2CDFE2C0007CCD6D /* HTTPResponseStatusCode.swift */ = {isa = PBXFileReference; lastKnownFileType = sourcecode.swift; path = HTTPResponseStatusCode.swift; sourceTree = "<group>"; };
		B8D553EF2CDFE2F5007CCD6D /* HTTPMethod.swift */ = {isa = PBXFileReference; lastKnownFileType = sourcecode.swift; path = HTTPMethod.swift; sourceTree = "<group>"; };
		B8D553F12CDFE33A007CCD6D /* SpotifyAuthorizationAPI.swift */ = {isa = PBXFileReference; lastKnownFileType = sourcecode.swift; path = SpotifyAuthorizationAPI.swift; sourceTree = "<group>"; };
		B8D553F42CDFE5F0007CCD6D /* MockURLProtocol.swift */ = {isa = PBXFileReference; lastKnownFileType = sourcecode.swift; path = MockURLProtocol.swift; sourceTree = "<group>"; };
		B8D553F62CDFE623007CCD6D /* NetworkProviderTests.swift */ = {isa = PBXFileReference; lastKnownFileType = sourcecode.swift; path = NetworkProviderTests.swift; sourceTree = "<group>"; };
		B8D553F82CDFE8FE007CCD6D /* SpotifyAccessTokenResponseDTO.swift */ = {isa = PBXFileReference; lastKnownFileType = sourcecode.swift; path = SpotifyAccessTokenResponseDTO.swift; sourceTree = "<group>"; };
		B8D553FC2CDFEA78007CCD6D /* SpotifyAccessTokenResponseDTODummy.swift */ = {isa = PBXFileReference; lastKnownFileType = sourcecode.swift; path = SpotifyAccessTokenResponseDTODummy.swift; sourceTree = "<group>"; };
		B8D554052CE0ED2C007CCD6D /* SpotifyAPI.swift */ = {isa = PBXFileReference; lastKnownFileType = sourcecode.swift; path = SpotifyAPI.swift; sourceTree = "<group>"; };
		B8D5547F2CE0F152007CCD6D /* RecommendationsResponseDTODummy.swift */ = {isa = PBXFileReference; lastKnownFileType = sourcecode.swift; path = RecommendationsResponseDTODummy.swift; sourceTree = "<group>"; };
		B8D554882CE10A3A007CCD6D /* DefaultSpotifyAPIService.swift */ = {isa = PBXFileReference; lastKnownFileType = sourcecode.swift; path = DefaultSpotifyAPIService.swift; sourceTree = "<group>"; };
		B8D554BF2CE322CF007CCD6D /* SpotifyTokenProviderError.swift */ = {isa = PBXFileReference; lastKnownFileType = sourcecode.swift; path = SpotifyTokenProviderError.swift; sourceTree = "<group>"; };
		B8D554C12CE32B9A007CCD6D /* SpotifyTokenProviderTests.swift */ = {isa = PBXFileReference; lastKnownFileType = sourcecode.swift; path = SpotifyTokenProviderTests.swift; sourceTree = "<group>"; };
		B8D554C32CE33979007CCD6D /* MockNetworkProvider.swift */ = {isa = PBXFileReference; lastKnownFileType = sourcecode.swift; path = MockNetworkProvider.swift; sourceTree = "<group>"; };
		B8D554C52CE339BC007CCD6D /* DefaultSpotifyTokenProvider.swift */ = {isa = PBXFileReference; lastKnownFileType = sourcecode.swift; path = DefaultSpotifyTokenProvider.swift; sourceTree = "<group>"; };
		B8D554C72CE34A47007CCD6D /* String+Extension.swift */ = {isa = PBXFileReference; lastKnownFileType = sourcecode.swift; path = "String+Extension.swift"; sourceTree = "<group>"; };
		F17368F52CD86B1100F6242C /* Molio.app */ = {isa = PBXFileReference; explicitFileType = wrapper.application; includeInIndex = 0; path = Molio.app; sourceTree = BUILT_PRODUCTS_DIR; };
		F17368F82CD86B1100F6242C /* AppDelegate.swift */ = {isa = PBXFileReference; lastKnownFileType = sourcecode.swift; path = AppDelegate.swift; sourceTree = "<group>"; };
		F17368FA2CD86B1100F6242C /* SceneDelegate.swift */ = {isa = PBXFileReference; lastKnownFileType = sourcecode.swift; path = SceneDelegate.swift; sourceTree = "<group>"; };
		F17369012CD86B1300F6242C /* Assets.xcassets */ = {isa = PBXFileReference; lastKnownFileType = folder.assetcatalog; path = Assets.xcassets; sourceTree = "<group>"; };
		F17369042CD86B1300F6242C /* Base */ = {isa = PBXFileReference; lastKnownFileType = file.storyboard; name = Base; path = Base.lproj/LaunchScreen.storyboard; sourceTree = "<group>"; };
		F17369062CD86B1300F6242C /* Info.plist */ = {isa = PBXFileReference; lastKnownFileType = text.plist.xml; path = Info.plist; sourceTree = "<group>"; };
		F17369112CDAFE8C00F6242C /* .swiftlint.yml */ = {isa = PBXFileReference; lastKnownFileType = text.yaml; path = .swiftlint.yml; sourceTree = "<group>"; };
		F173691E2CDB995100F6242C /* SwipeMusicViewController.swift */ = {isa = PBXFileReference; lastKnownFileType = sourcecode.swift; path = SwipeMusicViewController.swift; sourceTree = "<group>"; };
		F17369222CDC5E5F00F6242C /* MusicTagView.swift */ = {isa = PBXFileReference; lastKnownFileType = sourcecode.swift; path = MusicTagView.swift; sourceTree = "<group>"; };
		F17369242CDC662A00F6242C /* CircleMenuButton.swift */ = {isa = PBXFileReference; lastKnownFileType = sourcecode.swift; path = CircleMenuButton.swift; sourceTree = "<group>"; };
		F17369282CDC79E100F6242C /* MusicCardView.swift */ = {isa = PBXFileReference; lastKnownFileType = sourcecode.swift; path = MusicCardView.swift; sourceTree = "<group>"; };
		F173692C2CDC9CF300F6242C /* UIColor+Extension.swift */ = {isa = PBXFileReference; lastKnownFileType = sourcecode.swift; path = "UIColor+Extension.swift"; sourceTree = "<group>"; };
		F17369332CDCE31C00F6242C /* MolioTests.xctest */ = {isa = PBXFileReference; explicitFileType = wrapper.cfbundle; includeInIndex = 0; path = MolioTests.xctest; sourceTree = BUILT_PRODUCTS_DIR; };
		F173693C2CDF191800F6242C /* MolioMusic.swift */ = {isa = PBXFileReference; lastKnownFileType = sourcecode.swift; path = MolioMusic.swift; sourceTree = "<group>"; };
		F173693E2CDF21BC00F6242C /* RecommendedMusicRepository.swift */ = {isa = PBXFileReference; lastKnownFileType = sourcecode.swift; path = RecommendedMusicRepository.swift; sourceTree = "<group>"; };
		F17369452CDF24A100F6242C /* FetchRecommendedMusicUseCase.swift */ = {isa = PBXFileReference; lastKnownFileType = sourcecode.swift; path = FetchRecommendedMusicUseCase.swift; sourceTree = "<group>"; };
		F17369482CDF250200F6242C /* DefaultFetchRecommendedMusicUseCase.swift */ = {isa = PBXFileReference; lastKnownFileType = sourcecode.swift; path = DefaultFetchRecommendedMusicUseCase.swift; sourceTree = "<group>"; };
		F173694A2CDF265900F6242C /* DefaultRecommendedMusicRepository.swift */ = {isa = PBXFileReference; lastKnownFileType = sourcecode.swift; path = DefaultRecommendedMusicRepository.swift; sourceTree = "<group>"; };
		F17369512CDFA7DC00F6242C /* SongMapper.swift */ = {isa = PBXFileReference; lastKnownFileType = sourcecode.swift; path = SongMapper.swift; sourceTree = "<group>"; };
		F17369532CDFA9FD00F6242C /* CGColorMapper.swift */ = {isa = PBXFileReference; lastKnownFileType = sourcecode.swift; path = CGColorMapper.swift; sourceTree = "<group>"; };
		F17369562CDFB03E00F6242C /* DefaultMusicKitService.swift */ = {isa = PBXFileReference; lastKnownFileType = sourcecode.swift; path = DefaultMusicKitService.swift; sourceTree = "<group>"; };
		F17369582CDFB73000F6242C /* RGBAColor.swift */ = {isa = PBXFileReference; lastKnownFileType = sourcecode.swift; path = RGBAColor.swift; sourceTree = "<group>"; };
		F173695C2CE31CBA00F6242C /* InputOutputViewModel.swift */ = {isa = PBXFileReference; lastKnownFileType = sourcecode.swift; path = InputOutputViewModel.swift; sourceTree = "<group>"; };
		F17369602CE36D8000F6242C /* FetchImageUseCase.swift */ = {isa = PBXFileReference; lastKnownFileType = sourcecode.swift; path = FetchImageUseCase.swift; sourceTree = "<group>"; };
		F17369632CE36DE300F6242C /* DefaultFetchImageUseCase.swift */ = {isa = PBXFileReference; lastKnownFileType = sourcecode.swift; path = DefaultFetchImageUseCase.swift; sourceTree = "<group>"; };
		F17369652CE36E2900F6242C /* ImageRepository.swift */ = {isa = PBXFileReference; lastKnownFileType = sourcecode.swift; path = ImageRepository.swift; sourceTree = "<group>"; };
		F17369672CE36E8F00F6242C /* DefaultImageRepository.swift */ = {isa = PBXFileReference; lastKnownFileType = sourcecode.swift; path = DefaultImageRepository.swift; sourceTree = "<group>"; };
		F173696F2CE3710A00F6242C /* ImageFetchService.swift */ = {isa = PBXFileReference; lastKnownFileType = sourcecode.swift; path = ImageFetchService.swift; sourceTree = "<group>"; };
		F17369712CE3716100F6242C /* DafaultImageProvider.swift */ = {isa = PBXFileReference; lastKnownFileType = sourcecode.swift; path = DafaultImageProvider.swift; sourceTree = "<group>"; };
		F17369732CE3733300F6242C /* ImageFecthError.swift */ = {isa = PBXFileReference; lastKnownFileType = sourcecode.swift; path = ImageFecthError.swift; sourceTree = "<group>"; };
		F17369762CE389AA00F6242C /* SwipeMusicTrackModel.swift */ = {isa = PBXFileReference; lastKnownFileType = sourcecode.swift; path = SwipeMusicTrackModel.swift; sourceTree = "<group>"; };
		F173697A2CE4AAC600F6242C /* AudioPlayer.swift */ = {isa = PBXFileReference; lastKnownFileType = sourcecode.swift; path = AudioPlayer.swift; sourceTree = "<group>"; };
		F1E4058B2CEB8FC500533701 /* LoginViewController.swift */ = {isa = PBXFileReference; lastKnownFileType = sourcecode.swift; path = LoginViewController.swift; sourceTree = "<group>"; };
/* End PBXFileReference section */

/* Begin PBXFrameworksBuildPhase section */
		F17368F22CD86B1100F6242C /* Frameworks */ = {
			isa = PBXFrameworksBuildPhase;
			buildActionMask = 2147483647;
			files = (
			);
			runOnlyForDeploymentPostprocessing = 0;
		};
		F17369302CDCE31C00F6242C /* Frameworks */ = {
			isa = PBXFrameworksBuildPhase;
			buildActionMask = 2147483647;
			files = (
			);
			runOnlyForDeploymentPostprocessing = 0;
		};
/* End PBXFrameworksBuildPhase section */

/* Begin PBXGroup section */
		2003B9FF2CDB7479002CAB3E /* DesignSystem */ = {
			isa = PBXGroup;
			children = (
				2003BA002CDB7498002CAB3E /* PretendardFontName.swift */,
			);
			path = DesignSystem;
			sourceTree = "<group>";
		};
		2003BA022CDB82B5002CAB3E /* Font */ = {
			isa = PBXGroup;
			children = (
				2003BA052CDB8300002CAB3E /* Pretendard-Black.otf */,
				2003BA0B2CDB8300002CAB3E /* Pretendard-Bold.otf */,
				2003BA072CDB8300002CAB3E /* Pretendard-ExtraBold.otf */,
				2003BA0A2CDB8300002CAB3E /* Pretendard-ExtraLight.otf */,
				2003BA062CDB8300002CAB3E /* Pretendard-Light.otf */,
				2003BA032CDB82FF002CAB3E /* Pretendard-Medium.otf */,
				2003BA082CDB8300002CAB3E /* Pretendard-Regular.otf */,
				2003BA092CDB8300002CAB3E /* Pretendard-SemiBold.otf */,
				2003BA042CDB82FF002CAB3E /* Pretendard-Thin.otf */,
			);
			path = Font;
			sourceTree = "<group>";
		};
		2003BA192CDB8EB5002CAB3E /* SwiftUI */ = {
			isa = PBXGroup;
			children = (
				2003BA152CDB8D69002CAB3E /* Font+Extension.swift */,
				2003BA172CDB8DE0002CAB3E /* Text+Extension.swift */,
				B8046A3B2CE755DB00933704 /* Image+Extension.swift */,
			);
			path = SwiftUI;
			sourceTree = "<group>";
		};
		2003BA1A2CDB8EC6002CAB3E /* UIKit */ = {
			isa = PBXGroup;
			children = (
				201048522CEA27F40015E800 /* UIViewController */,
				2003BA1B2CDB8EE5002CAB3E /* UILabel+Extension.swift */,
				F173692C2CDC9CF300F6242C /* UIColor+Extension.swift */,
				201048502CEA23190015E800 /* addGradientBackground.swift */,
			);
			path = UIKit;
			sourceTree = "<group>";
		};
		2009183F2CECA7510058D8C7 /* UserDefaults */ = {
			isa = PBXGroup;
			children = (
				200918412CECA79A0058D8C7 /* UserDefaultsError.swift */,
				200918472CECAB4D0058D8C7 /* UserDefaultsKey.swift */,
			);
			path = UserDefaults;
			sourceTree = "<group>";
		};
		200918402CECA75A0058D8C7 /* CoreData */ = {
			isa = PBXGroup;
			children = (
				20397E6F2CE5DE56004ED9CE /* PersistenceManager.swift */,
				2075FEC72CECDF4D009834BE /* CoreDataError.swift */,
			);
			path = CoreData;
			sourceTree = "<group>";
		};
		201048522CEA27F40015E800 /* UIViewController */ = {
			isa = PBXGroup;
			children = (
				201048532CEA280E0015E800 /* presentCustomSheet.swift */,
			);
			path = UIViewController;
			sourceTree = "<group>";
		};
		201048552CEA2ACD0015E800 /* CreatePlaylistUsecase */ = {
			isa = PBXGroup;
			children = (
				201048572CEA2AEC0015E800 /* Implementation */,
				201048562CEA2ADE0015E800 /* Protocol */,
			);
			path = CreatePlaylistUsecase;
			sourceTree = "<group>";
		};
		201048562CEA2ADE0015E800 /* Protocol */ = {
			isa = PBXGroup;
			children = (
				201048582CEA2B020015E800 /* CreatePlaylistUseCase.swift */,
			);
			path = Protocol;
			sourceTree = "<group>";
		};
		201048572CEA2AEC0015E800 /* Implementation */ = {
			isa = PBXGroup;
			children = (
				2010485A2CEA2B1B0015E800 /* DefaultCreatePlaylistUseCase.swift */,
			);
			path = Implementation;
			sourceTree = "<group>";
		};
		20397E5B2CE5CD34004ED9CE /* Model */ = {
			isa = PBXGroup;
			children = (
				20397E5C2CE5CD61004ED9CE /* DataModel */,
				B809708C2CDB457C007BC3C4 /* DTO */,
			);
			path = Model;
			sourceTree = "<group>";
		};
		20397E5C2CE5CD61004ED9CE /* DataModel */ = {
			isa = PBXGroup;
			children = (
				20150EC32CEA36B700FC8883 /* Playlist+CoreDataClass.swift */,
				20150EC42CEA36B700FC8883 /* Playlist+CoreDataProperties.swift */,
				20397E682CE5DCDD004ED9CE /* MolioModel.xcdatamodeld */,
			);
			path = DataModel;
			sourceTree = "<group>";
		};
		2075FEBF2CECDDA0009834BE /* CreatePlaylist */ = {
			isa = PBXGroup;
			children = (
				2010484C2CE9FF570015E800 /* CreatePlaylistView.swift */,
				2075FEC02CECDDC0009834BE /* CreatePlaylistViewModel.swift */,
			);
			path = CreatePlaylist;
			sourceTree = "<group>";
		};
		2075FEC22CECDE0F009834BE /* ChangeCurrentPlaylistIUseCase */ = {
			isa = PBXGroup;
			children = (
				2075FEC32CECDE29009834BE /* ChangeCurrentPlaylistIUseCase.swift */,
				2075FEC52CECDE37009834BE /* DefaultChangeCurrentPlaylistIUseCase.swift */,
			);
			path = ChangeCurrentPlaylistIUseCase;
			sourceTree = "<group>";
		};
		881622722CE3BAB900E81EA0 /* MusicDeck */ = {
			isa = PBXGroup;
			children = (
				881622682CE3671400E81EA0 /* RandomMusicDeck.swift */,
				8816226C2CE3B11C00E81EA0 /* MusicDeck.swift */,
			);
			path = MusicDeck;
			sourceTree = "<group>";
		};
		881622732CE3BAC500E81EA0 /* MusicFilterProvider */ = {
			isa = PBXGroup;
			children = (
				881622702CE3B16200E81EA0 /* MockMusicFilterProvider.swift */,
				8816226E2CE3B14200E81EA0 /* MusicFilterProvider.swift */,
			);
			path = MusicFilterProvider;
			sourceTree = "<group>";
		};
		881BBCAE2CDCF91B00010A61 /* SpotifyTokenProvider */ = {
			isa = PBXGroup;
			children = (
				881BBCAC2CDCF91B00010A61 /* MockSpotifyTokenProvider.swift */,
				881BBCAD2CDCF91B00010A61 /* SpotifyTokenProvider.swift */,
				B8D553F12CDFE33A007CCD6D /* SpotifyAuthorizationAPI.swift */,
				B8D554BF2CE322CF007CCD6D /* SpotifyTokenProviderError.swift */,
				B8D554C52CE339BC007CCD6D /* DefaultSpotifyTokenProvider.swift */,
			);
			path = SpotifyTokenProvider;
			sourceTree = "<group>";
		};
		881BBCB12CDCF91B00010A61 /* SpotifyAPIService */ = {
			isa = PBXGroup;
			children = (
				881BBCAF2CDCF91B00010A61 /* MockSpotifyAPIService.swift */,
				881BBCB02CDCF91B00010A61 /* SpotifyAPIService.swift */,
				B8D554052CE0ED2C007CCD6D /* SpotifyAPI.swift */,
				B8D554882CE10A3A007CCD6D /* DefaultSpotifyAPIService.swift */,
			);
			path = SpotifyAPIService;
			sourceTree = "<group>";
		};
		B8046A3F2CE8950800933704 /* View */ = {
			isa = PBXGroup;
			children = (
				B8046A3D2CE8780000933704 /* MusicFilterViewController.swift */,
				B88F80BA2CE48C59000480E6 /* MusicFilterView.swift */,
				B88F80C12CE4B23B000480E6 /* TagLayout.swift */,
				B88F80BD2CE4927B000480E6 /* FilterTag.swift */,
			);
			path = View;
			sourceTree = "<group>";
		};
		B8046A472CEA1AEA00933704 /* ViewModel */ = {
			isa = PBXGroup;
			children = (
				B8046A482CEA1AF500933704 /* MusicFilterViewModel.swift */,
			);
			path = ViewModel;
			sourceTree = "<group>";
		};
		B8046A502CEB93C600933704 /* FetchAvailableGenresUseCase */ = {
			isa = PBXGroup;
			children = (
				B8046A512CEB93CF00933704 /* Protocol */,
				B8046A522CEB93D300933704 /* Implementation */,
			);
			path = FetchAvailableGenresUseCase;
			sourceTree = "<group>";
		};
		B8046A512CEB93CF00933704 /* Protocol */ = {
			isa = PBXGroup;
			children = (
				B8046A532CEB93F900933704 /* FetchAvailableGenresUseCase.swift */,
			);
			path = Protocol;
			sourceTree = "<group>";
		};
		B8046A522CEB93D300933704 /* Implementation */ = {
			isa = PBXGroup;
			children = (
				B8046A552CEB943B00933704 /* DefaultFetchAvailableGenresUseCase.swift */,
				B8046A572CEBC08300933704 /* MockDefaultFetchAvailableGenresUseCase.swift */,
			);
			path = Implementation;
			sourceTree = "<group>";
		};
		B80970732CDB434B007BC3C4 /* Source */ = {
			isa = PBXGroup;
			children = (
				2003B9FF2CDB7479002CAB3E /* DesignSystem */,
				B80970752CDB43D3007BC3C4 /* App */,
				B80970762CDB43E2007BC3C4 /* Presentation */,
				B80970772CDB43E7007BC3C4 /* Domain */,
				B80970782CDB43EC007BC3C4 /* Data */,
				B80970792CDB43F1007BC3C4 /* Util */,
			);
			path = Source;
			sourceTree = "<group>";
		};
		B80970742CDB4353007BC3C4 /* Resource */ = {
			isa = PBXGroup;
			children = (
				2003BA022CDB82B5002CAB3E /* Font */,
				F17369012CD86B1300F6242C /* Assets.xcassets */,
				F17369032CD86B1300F6242C /* LaunchScreen.storyboard */,
				F17369062CD86B1300F6242C /* Info.plist */,
				2010484A2CE9FC8D0015E800 /* Secrets.xcconfig */,
			);
			path = Resource;
			sourceTree = "<group>";
		};
		B80970752CDB43D3007BC3C4 /* App */ = {
			isa = PBXGroup;
			children = (
				F17368F82CD86B1100F6242C /* AppDelegate.swift */,
				F17368FA2CD86B1100F6242C /* SceneDelegate.swift */,
			);
			path = App;
			sourceTree = "<group>";
		};
		B80970762CDB43E2007BC3C4 /* Presentation */ = {
			isa = PBXGroup;
			children = (
				2075FEBF2CECDDA0009834BE /* CreatePlaylist */,
				B809707A2CDB4405007BC3C4 /* Common */,
				F173691C2CDB991D00F6242C /* SwipeMusic */,
				B88F80B72CE48906000480E6 /* MusicFilter */,
				F1E405892CEB8FA400533701 /* Login */,
			);
			path = Presentation;
			sourceTree = "<group>";
		};
		B80970772CDB43E7007BC3C4 /* Domain */ = {
			isa = PBXGroup;
			children = (
				B80970812CDB4472007BC3C4 /* UseCase */,
				B80970822CDB4478007BC3C4 /* RepositoryInterface */,
				B80970832CDB44DB007BC3C4 /* Entity */,
			);
			path = Domain;
			sourceTree = "<group>";
		};
		B80970782CDB43EC007BC3C4 /* Data */ = {
			isa = PBXGroup;
			children = (
				B809708A2CDB456E007BC3C4 /* Repository */,
				B809708B2CDB4575007BC3C4 /* DataSource */,
				F17369502CDFA7A100F6242C /* Mapper */,
				20397E5B2CE5CD34004ED9CE /* Model */,
			);
			path = Data;
			sourceTree = "<group>";
		};
		B80970792CDB43F1007BC3C4 /* Util */ = {
			isa = PBXGroup;
			children = (
				F17369792CE4AAB600F6242C /* Protocol */,
				F173695B2CE0F5B800F6242C /* Mapper */,
				B80970992CDB4678007BC3C4 /* Extension */,
			);
			path = Util;
			sourceTree = "<group>";
		};
		B809707A2CDB4405007BC3C4 /* Common */ = {
			isa = PBXGroup;
			children = (
				B809707B2CDB440A007BC3C4 /* Component */,
				B809707E2CDB444C007BC3C4 /* Base */,
			);
			path = Common;
			sourceTree = "<group>";
		};
		B809707B2CDB440A007BC3C4 /* Component */ = {
			isa = PBXGroup;
			children = (
				F17369242CDC662A00F6242C /* CircleMenuButton.swift */,
				2010484E2CEA0B300015E800 /* BasicButton.swift */,
			);
			path = Component;
			sourceTree = "<group>";
		};
		B809707E2CDB444C007BC3C4 /* Base */ = {
			isa = PBXGroup;
			children = (
				F173695C2CE31CBA00F6242C /* InputOutputViewModel.swift */,
			);
			path = Base;
			sourceTree = "<group>";
		};
		B80970812CDB4472007BC3C4 /* UseCase */ = {
			isa = PBXGroup;
			children = (
				2075FEC22CECDE0F009834BE /* ChangeCurrentPlaylistIUseCase */,
				201048552CEA2ACD0015E800 /* CreatePlaylistUsecase */,
				B8046A502CEB93C600933704 /* FetchAvailableGenresUseCase */,
				F173695E2CE36D4D00F6242C /* FetchImageUsecase */,
				F17369432CDF248700F6242C /* FetchMusicsUseCase */,
			);
			path = UseCase;
			sourceTree = "<group>";
		};
		B80970822CDB4478007BC3C4 /* RepositoryInterface */ = {
			isa = PBXGroup;
			children = (
				F173693E2CDF21BC00F6242C /* RecommendedMusicRepository.swift */,
				F17369652CE36E2900F6242C /* ImageRepository.swift */,
				20397E592CE5CB3C004ED9CE /* PlaylistRepository.swift */,
				2009183B2CEC9C0E0058D8C7 /* CurrentPlaylistRepository.swift */,
			);
			path = RepositoryInterface;
			sourceTree = "<group>";
		};
		B80970832CDB44DB007BC3C4 /* Entity */ = {
			isa = PBXGroup;
			children = (
				2008FCBA2CE8A1B90060F3B8 /* PlaylistEntity.swift */,
				881BBCBF2CDCF97900010A61 /* MusicFilter.swift */,
				881622722CE3BAB900E81EA0 /* MusicDeck */,
				881622732CE3BAC500E81EA0 /* MusicFilterProvider */,
				881BBCC02CDCF97900010A61 /* RecommendationRequestEntity.swift */,
				F173693C2CDF191800F6242C /* MolioMusic.swift */,
				F17369582CDFB73000F6242C /* RGBAColor.swift */,
				B8046A432CE9250B00933704 /* MusicGenre.swift */,
			);
			path = Entity;
			sourceTree = "<group>";
		};
		B809708A2CDB456E007BC3C4 /* Repository */ = {
			isa = PBXGroup;
			children = (
				F173694A2CDF265900F6242C /* DefaultRecommendedMusicRepository.swift */,
				F17369672CE36E8F00F6242C /* DefaultImageRepository.swift */,
				20397E712CE5DFC6004ED9CE /* DefaultPlaylistRepository.swift */,
				2009183D2CEC9C5B0058D8C7 /* DefaultCurrentPlaylistRepository.swift */,
			);
			path = Repository;
			sourceTree = "<group>";
		};
		B809708B2CDB4575007BC3C4 /* DataSource */ = {
			isa = PBXGroup;
			children = (
				B809708F2CDB45B7007BC3C4 /* Network */,
				B80970902CDB45BC007BC3C4 /* LocalStorage */,
			);
			path = DataSource;
			sourceTree = "<group>";
		};
		B809708C2CDB457C007BC3C4 /* DTO */ = {
			isa = PBXGroup;
			children = (
				881BBCB72CDCF95600010A61 /* ExternalIDsDTO.swift */,
				881BBCB82CDCF95600010A61 /* RecommendationsRequestDTO.swift */,
				881BBCB92CDCF95600010A61 /* RecommendationsResponseDTO.swift */,
				881BBCBA2CDCF95600010A61 /* TrackDTO.swift */,
				B8D553F82CDFE8FE007CCD6D /* SpotifyAccessTokenResponseDTO.swift */,
				B8046A4A2CEA629E00933704 /* SpotifyAvailableGenreSeedsDTO.swift */,
			);
			path = DTO;
			sourceTree = "<group>";
		};
		B809708F2CDB45B7007BC3C4 /* Network */ = {
			isa = PBXGroup;
			children = (
				F173696E2CE370F200F6242C /* ImageFetchService */,
				F17369552CDFB02100F6242C /* MusicKitService */,
				B8D553E62CDFE245007CCD6D /* NetworkProvider */,
				881BBCAE2CDCF91B00010A61 /* SpotifyTokenProvider */,
				881BBCB12CDCF91B00010A61 /* SpotifyAPIService */,
			);
			path = Network;
			sourceTree = "<group>";
		};
		B80970902CDB45BC007BC3C4 /* LocalStorage */ = {
			isa = PBXGroup;
			children = (
				200918402CECA75A0058D8C7 /* CoreData */,
				2009183F2CECA7510058D8C7 /* UserDefaults */,
			);
			path = LocalStorage;
			sourceTree = "<group>";
		};
		B80970992CDB4678007BC3C4 /* Extension */ = {
			isa = PBXGroup;
			children = (
				B8D554C92CE34C8C007CCD6D /* Foundation */,
				2003BA1A2CDB8EC6002CAB3E /* UIKit */,
				2003BA192CDB8EB5002CAB3E /* SwiftUI */,
			);
			path = Extension;
			sourceTree = "<group>";
		};
		B88F80B72CE48906000480E6 /* MusicFilter */ = {
			isa = PBXGroup;
			children = (
				B8046A472CEA1AEA00933704 /* ViewModel */,
				B8046A3F2CE8950800933704 /* View */,
			);
			path = MusicFilter;
			sourceTree = "<group>";
		};
		B8D553E62CDFE245007CCD6D /* NetworkProvider */ = {
			isa = PBXGroup;
			children = (
				B8D553E72CDFE25C007CCD6D /* NetworkProvider.swift */,
				B8D553E92CDFE271007CCD6D /* EndPoint.swift */,
				B8D553EB2CDFE29D007CCD6D /* NetworkError.swift */,
				B8D553ED2CDFE2C0007CCD6D /* HTTPResponseStatusCode.swift */,
				B8D553EF2CDFE2F5007CCD6D /* HTTPMethod.swift */,
			);
			path = NetworkProvider;
			sourceTree = "<group>";
		};
		B8D553F32CDFE5E6007CCD6D /* Test Double */ = {
			isa = PBXGroup;
			children = (
				B8D553FB2CDFEA6A007CCD6D /* Dummy */,
				B8D553FA2CDFEA61007CCD6D /* Mock */,
			);
			path = "Test Double";
			sourceTree = "<group>";
		};
		B8D553FA2CDFEA61007CCD6D /* Mock */ = {
			isa = PBXGroup;
			children = (
				B8D553F42CDFE5F0007CCD6D /* MockURLProtocol.swift */,
				B8D554C32CE33979007CCD6D /* MockNetworkProvider.swift */,
			);
			path = Mock;
			sourceTree = "<group>";
		};
		B8D553FB2CDFEA6A007CCD6D /* Dummy */ = {
			isa = PBXGroup;
			children = (
				B8D553FC2CDFEA78007CCD6D /* SpotifyAccessTokenResponseDTODummy.swift */,
				B8D5547F2CE0F152007CCD6D /* RecommendationsResponseDTODummy.swift */,
				B8046A4C2CEA62D100933704 /* SpotifyAvailableGenreSeedsDTODummy.swift */,
			);
			path = Dummy;
			sourceTree = "<group>";
		};
		B8D554C92CE34C8C007CCD6D /* Foundation */ = {
			isa = PBXGroup;
			children = (
				B8D554C72CE34A47007CCD6D /* String+Extension.swift */,
			);
			path = Foundation;
			sourceTree = "<group>";
		};
		F17368EC2CD86B1100F6242C = {
			isa = PBXGroup;
			children = (
				F17369112CDAFE8C00F6242C /* .swiftlint.yml */,
				F17368F72CD86B1100F6242C /* Molio */,
				F17369342CDCE31C00F6242C /* MolioTests */,
				F17368F62CD86B1100F6242C /* Products */,
			);
			sourceTree = "<group>";
		};
		F17368F62CD86B1100F6242C /* Products */ = {
			isa = PBXGroup;
			children = (
				F17368F52CD86B1100F6242C /* Molio.app */,
				F17369332CDCE31C00F6242C /* MolioTests.xctest */,
			);
			name = Products;
			sourceTree = "<group>";
		};
		F17368F72CD86B1100F6242C /* Molio */ = {
			isa = PBXGroup;
			children = (
				B80970732CDB434B007BC3C4 /* Source */,
				B80970742CDB4353007BC3C4 /* Resource */,
			);
			path = Molio;
			sourceTree = "<group>";
		};
		F173691C2CDB991D00F6242C /* SwipeMusic */ = {
			isa = PBXGroup;
			children = (
				F17369752CE389A200F6242C /* Model */,
				F173695A2CDFD39000F6242C /* ViewModel */,
				F173691D2CDB992700F6242C /* View */,
			);
			path = SwipeMusic;
			sourceTree = "<group>";
		};
		F173691D2CDB992700F6242C /* View */ = {
			isa = PBXGroup;
			children = (
				F173691E2CDB995100F6242C /* SwipeMusicViewController.swift */,
				F17369282CDC79E100F6242C /* MusicCardView.swift */,
				F17369222CDC5E5F00F6242C /* MusicTagView.swift */,
			);
			path = View;
			sourceTree = "<group>";
		};
		F17369342CDCE31C00F6242C /* MolioTests */ = {
			isa = PBXGroup;
			children = (
				B8D553F32CDFE5E6007CCD6D /* Test Double */,
				B8D553F62CDFE623007CCD6D /* NetworkProviderTests.swift */,
				8816226A2CE3838B00E81EA0 /* DeckTests.swift */,
				B8D554C12CE32B9A007CCD6D /* SpotifyTokenProviderTests.swift */,
				20397E7F2CE5FD0A004ED9CE /* DefaultPlaylistRepositoryTests.swift */,
				200918432CECA8170058D8C7 /* DefaultCurrentPlaylistRepositoryTests.swift */,
			);
			path = MolioTests;
			sourceTree = "<group>";
		};
		F17369432CDF248700F6242C /* FetchMusicsUseCase */ = {
			isa = PBXGroup;
			children = (
				F17369442CDF249400F6242C /* Protocol */,
				F17369472CDF24E900F6242C /* Implementation */,
			);
			path = FetchMusicsUseCase;
			sourceTree = "<group>";
		};
		F17369442CDF249400F6242C /* Protocol */ = {
			isa = PBXGroup;
			children = (
				F17369452CDF24A100F6242C /* FetchRecommendedMusicUseCase.swift */,
			);
			path = Protocol;
			sourceTree = "<group>";
		};
		F17369472CDF24E900F6242C /* Implementation */ = {
			isa = PBXGroup;
			children = (
				F17369482CDF250200F6242C /* DefaultFetchRecommendedMusicUseCase.swift */,
			);
			path = Implementation;
			sourceTree = "<group>";
		};
		F17369502CDFA7A100F6242C /* Mapper */ = {
			isa = PBXGroup;
			children = (
				F17369512CDFA7DC00F6242C /* SongMapper.swift */,
			);
			path = Mapper;
			sourceTree = "<group>";
		};
		F17369552CDFB02100F6242C /* MusicKitService */ = {
			isa = PBXGroup;
			children = (
				B809709D2CDB640B007BC3C4 /* MusicKitService.swift */,
				F17369562CDFB03E00F6242C /* DefaultMusicKitService.swift */,
			);
			path = MusicKitService;
			sourceTree = "<group>";
		};
		F173695A2CDFD39000F6242C /* ViewModel */ = {
			isa = PBXGroup;
			children = (
				2003BA212CDCB31B002CAB3E /* SwipeMusicViewModel.swift */,
				20397E502CE33C03004ED9CE /* SwipeMusicPlayer.swift */,
			);
			path = ViewModel;
			sourceTree = "<group>";
		};
		F173695B2CE0F5B800F6242C /* Mapper */ = {
			isa = PBXGroup;
			children = (
				F17369532CDFA9FD00F6242C /* CGColorMapper.swift */,
			);
			path = Mapper;
			sourceTree = "<group>";
		};
		F173695E2CE36D4D00F6242C /* FetchImageUsecase */ = {
			isa = PBXGroup;
			children = (
				F173695F2CE36D6A00F6242C /* Protocol */,
				F17369622CE36DC700F6242C /* Implementation */,
			);
			path = FetchImageUsecase;
			sourceTree = "<group>";
		};
		F173695F2CE36D6A00F6242C /* Protocol */ = {
			isa = PBXGroup;
			children = (
				F17369602CE36D8000F6242C /* FetchImageUseCase.swift */,
			);
			path = Protocol;
			sourceTree = "<group>";
		};
		F17369622CE36DC700F6242C /* Implementation */ = {
			isa = PBXGroup;
			children = (
				F17369632CE36DE300F6242C /* DefaultFetchImageUseCase.swift */,
			);
			path = Implementation;
			sourceTree = "<group>";
		};
		F173696E2CE370F200F6242C /* ImageFetchService */ = {
			isa = PBXGroup;
			children = (
				F173696F2CE3710A00F6242C /* ImageFetchService.swift */,
				F17369712CE3716100F6242C /* DafaultImageProvider.swift */,
				F17369732CE3733300F6242C /* ImageFecthError.swift */,
			);
			path = ImageFetchService;
			sourceTree = "<group>";
		};
		F17369752CE389A200F6242C /* Model */ = {
			isa = PBXGroup;
			children = (
				F17369762CE389AA00F6242C /* SwipeMusicTrackModel.swift */,
			);
			path = Model;
			sourceTree = "<group>";
		};
		F17369792CE4AAB600F6242C /* Protocol */ = {
			isa = PBXGroup;
			children = (
				F173697A2CE4AAC600F6242C /* AudioPlayer.swift */,
			);
			path = Protocol;
			sourceTree = "<group>";
		};
		F1E405892CEB8FA400533701 /* Login */ = {
			isa = PBXGroup;
			children = (
				F1E4058A2CEB8FB200533701 /* View */,
			);
			path = Login;
			sourceTree = "<group>";
		};
		F1E4058A2CEB8FB200533701 /* View */ = {
			isa = PBXGroup;
			children = (
				F1E4058B2CEB8FC500533701 /* LoginViewController.swift */,
			);
			path = View;
			sourceTree = "<group>";
		};
/* End PBXGroup section */

/* Begin PBXNativeTarget section */
		F17368F42CD86B1100F6242C /* Molio */ = {
			isa = PBXNativeTarget;
			buildConfigurationList = F17369092CD86B1300F6242C /* Build configuration list for PBXNativeTarget "Molio" */;
			buildPhases = (
				F17368F12CD86B1100F6242C /* Sources */,
				F17368F22CD86B1100F6242C /* Frameworks */,
				F17368F32CD86B1100F6242C /* Resources */,
			);
			buildRules = (
			);
			dependencies = (
				F173692B2CDC85DD00F6242C /* PBXTargetDependency */,
			);
			name = Molio;
			productName = Molio;
			productReference = F17368F52CD86B1100F6242C /* Molio.app */;
			productType = "com.apple.product-type.application";
		};
		F17369322CDCE31C00F6242C /* MolioTests */ = {
			isa = PBXNativeTarget;
			buildConfigurationList = F173693B2CDCE31C00F6242C /* Build configuration list for PBXNativeTarget "MolioTests" */;
			buildPhases = (
				F173692F2CDCE31C00F6242C /* Sources */,
				F17369302CDCE31C00F6242C /* Frameworks */,
				F17369312CDCE31C00F6242C /* Resources */,
			);
			buildRules = (
			);
			dependencies = (
				F17369382CDCE31C00F6242C /* PBXTargetDependency */,
			);
			name = MolioTests;
			productName = MolioTests;
			productReference = F17369332CDCE31C00F6242C /* MolioTests.xctest */;
			productType = "com.apple.product-type.bundle.unit-test";
		};
/* End PBXNativeTarget section */

/* Begin PBXProject section */
		F17368ED2CD86B1100F6242C /* Project object */ = {
			isa = PBXProject;
			attributes = {
				BuildIndependentTargetsInParallel = 1;
				LastSwiftUpdateCheck = 1540;
				LastUpgradeCheck = 1540;
				TargetAttributes = {
					F17368F42CD86B1100F6242C = {
						CreatedOnToolsVersion = 15.4;
					};
					F17369322CDCE31C00F6242C = {
						CreatedOnToolsVersion = 15.4;
						TestTargetID = F17368F42CD86B1100F6242C;
					};
				};
			};
			buildConfigurationList = F17368F02CD86B1100F6242C /* Build configuration list for PBXProject "Molio" */;
			compatibilityVersion = "Xcode 14.0";
			developmentRegion = en;
			hasScannedForEncodings = 0;
			knownRegions = (
				en,
				Base,
			);
			mainGroup = F17368EC2CD86B1100F6242C;
			packageReferences = (
				F17369102CDAFE3600F6242C /* XCRemoteSwiftPackageReference "SwiftLintPlugins" */,
			);
			productRefGroup = F17368F62CD86B1100F6242C /* Products */;
			projectDirPath = "";
			projectRoot = "";
			targets = (
				F17368F42CD86B1100F6242C /* Molio */,
				F17369322CDCE31C00F6242C /* MolioTests */,
			);
		};
/* End PBXProject section */

/* Begin PBXResourcesBuildPhase section */
		F17368F32CD86B1100F6242C /* Resources */ = {
			isa = PBXResourcesBuildPhase;
			buildActionMask = 2147483647;
			files = (
				2003BA142CDB8300002CAB3E /* Pretendard-Bold.otf in Resources */,
				2003BA122CDB8300002CAB3E /* Pretendard-SemiBold.otf in Resources */,
				2010484B2CE9FC8D0015E800 /* Secrets.xcconfig in Resources */,
				F17369122CDAFE8C00F6242C /* .swiftlint.yml in Resources */,
				2003BA0F2CDB8300002CAB3E /* Pretendard-Light.otf in Resources */,
				2003BA102CDB8300002CAB3E /* Pretendard-ExtraBold.otf in Resources */,
				2003BA0C2CDB8300002CAB3E /* Pretendard-Medium.otf in Resources */,
				F17369022CD86B1300F6242C /* Assets.xcassets in Resources */,
				2003BA132CDB8300002CAB3E /* Pretendard-ExtraLight.otf in Resources */,
				2003BA0D2CDB8300002CAB3E /* Pretendard-Thin.otf in Resources */,
				F17369052CD86B1300F6242C /* Base in Resources */,
				2003BA112CDB8300002CAB3E /* Pretendard-Regular.otf in Resources */,
				2003BA0E2CDB8300002CAB3E /* Pretendard-Black.otf in Resources */,
			);
			runOnlyForDeploymentPostprocessing = 0;
		};
		F17369312CDCE31C00F6242C /* Resources */ = {
			isa = PBXResourcesBuildPhase;
			buildActionMask = 2147483647;
			files = (
			);
			runOnlyForDeploymentPostprocessing = 0;
		};
/* End PBXResourcesBuildPhase section */

/* Begin PBXSourcesBuildPhase section */
		F17368F12CD86B1100F6242C /* Sources */ = {
			isa = PBXSourcesBuildPhase;
			buildActionMask = 2147483647;
			files = (
				B88F80BE2CE4927B000480E6 /* FilterTag.swift in Sources */,
				F17369492CDF250200F6242C /* DefaultFetchRecommendedMusicUseCase.swift in Sources */,
				B8D554842CE0F3F3007CCD6D /* SpotifyAccessTokenResponseDTO.swift in Sources */,
				F173697B2CE4AAC600F6242C /* AudioPlayer.swift in Sources */,
				F1E4058C2CEB8FC500533701 /* LoginViewController.swift in Sources */,
				B8D553F22CDFE33A007CCD6D /* SpotifyAuthorizationAPI.swift in Sources */,
				2010484D2CE9FF570015E800 /* CreatePlaylistView.swift in Sources */,
				F173692D2CDC9CF300F6242C /* UIColor+Extension.swift in Sources */,
				2003BA162CDB8D69002CAB3E /* Font+Extension.swift in Sources */,
				B88F80BC2CE490CD000480E6 /* Text+Extension.swift in Sources */,
				B88F80BB2CE48C59000480E6 /* MusicFilterView.swift in Sources */,
				B8046A4B2CEA629E00933704 /* SpotifyAvailableGenreSeedsDTO.swift in Sources */,
				F17369542CDFA9FD00F6242C /* CGColorMapper.swift in Sources */,
				2009183E2CEC9C5B0058D8C7 /* DefaultCurrentPlaylistRepository.swift in Sources */,
				F17369572CDFB03E00F6242C /* DefaultMusicKitService.swift in Sources */,
				2003BA222CDCB31B002CAB3E /* SwipeMusicViewModel.swift in Sources */,
				F173694B2CDF265900F6242C /* DefaultRecommendedMusicRepository.swift in Sources */,
				F173693D2CDF191800F6242C /* MolioMusic.swift in Sources */,
				20397E702CE5DE56004ED9CE /* PersistenceManager.swift in Sources */,
				F173691F2CDB995100F6242C /* SwipeMusicViewController.swift in Sources */,
				2003BA1C2CDB8EE5002CAB3E /* UILabel+Extension.swift in Sources */,
				F17369682CE36E8F00F6242C /* DefaultImageRepository.swift in Sources */,
				B8D554062CE0ED2C007CCD6D /* SpotifyAPI.swift in Sources */,
				B8046A442CE9250B00933704 /* MusicGenre.swift in Sources */,
				B8D554C82CE34A47007CCD6D /* String+Extension.swift in Sources */,
				881BBCC12CDCF97900010A61 /* MusicFilter.swift in Sources */,
				2010485B2CEA2B1B0015E800 /* DefaultCreatePlaylistUseCase.swift in Sources */,
				201048512CEA23190015E800 /* addGradientBackground.swift in Sources */,
				20397E512CE33C03004ED9CE /* SwipeMusicPlayer.swift in Sources */,
				B88F80C22CE4B23B000480E6 /* TagLayout.swift in Sources */,
				B8D553EC2CDFE29D007CCD6D /* NetworkError.swift in Sources */,
				881BBCC22CDCF97900010A61 /* RecommendationRequestEntity.swift in Sources */,
				200918482CECAB4D0058D8C7 /* UserDefaultsKey.swift in Sources */,
				881622712CE3B16200E81EA0 /* MockMusicFilterProvider.swift in Sources */,
				8816226F2CE3B14200E81EA0 /* MusicFilterProvider.swift in Sources */,
				B8D554C62CE339BC007CCD6D /* DefaultSpotifyTokenProvider.swift in Sources */,
				B8046A3C2CE755DB00933704 /* Image+Extension.swift in Sources */,
				B8046A582CEBC08300933704 /* MockDefaultFetchAvailableGenresUseCase.swift in Sources */,
				B8D554C02CE322CF007CCD6D /* SpotifyTokenProviderError.swift in Sources */,
				F17369662CE36E2900F6242C /* ImageRepository.swift in Sources */,
				201048542CEA280E0015E800 /* presentCustomSheet.swift in Sources */,
				20150EC52CEA36B700FC8883 /* Playlist+CoreDataClass.swift in Sources */,
				20150EC62CEA36B700FC8883 /* Playlist+CoreDataProperties.swift in Sources */,
				B8D553EE2CDFE2C0007CCD6D /* HTTPResponseStatusCode.swift in Sources */,
				B8046A542CEB93F900933704 /* FetchAvailableGenresUseCase.swift in Sources */,
				2075FEC12CECDDC0009834BE /* CreatePlaylistViewModel.swift in Sources */,
				B8046A562CEB943B00933704 /* DefaultFetchAvailableGenresUseCase.swift in Sources */,
				2075FEC82CECDF4D009834BE /* CoreDataError.swift in Sources */,
				B8D553EA2CDFE271007CCD6D /* EndPoint.swift in Sources */,
				B809709E2CDB640B007BC3C4 /* MusicKitService.swift in Sources */,
				F17369642CE36DE300F6242C /* DefaultFetchImageUseCase.swift in Sources */,
				20397E6A2CE5DCDD004ED9CE /* MolioModel.xcdatamodeld in Sources */,
				F17369722CE3716100F6242C /* DafaultImageProvider.swift in Sources */,
				2003BA012CDB7498002CAB3E /* PretendardFontName.swift in Sources */,
				B8D553E82CDFE25C007CCD6D /* NetworkProvider.swift in Sources */,
				881BBCBB2CDCF95600010A61 /* TrackDTO.swift in Sources */,
				881BBCBC2CDCF95600010A61 /* RecommendationsResponseDTO.swift in Sources */,
				881BBCBD2CDCF95600010A61 /* ExternalIDsDTO.swift in Sources */,
				B8D554892CE10A3A007CCD6D /* DefaultSpotifyAPIService.swift in Sources */,
				881BBCBE2CDCF95600010A61 /* RecommendationsRequestDTO.swift in Sources */,
				F17369292CDC79E100F6242C /* MusicCardView.swift in Sources */,
				F173693F2CDF21BC00F6242C /* RecommendedMusicRepository.swift in Sources */,
				F17368F92CD86B1100F6242C /* AppDelegate.swift in Sources */,
				8816226D2CE3B11C00E81EA0 /* MusicDeck.swift in Sources */,
				201048592CEA2B020015E800 /* CreatePlaylistUseCase.swift in Sources */,
				881622692CE3671400E81EA0 /* RandomMusicDeck.swift in Sources */,
				F173695D2CE31CBA00F6242C /* InputOutputViewModel.swift in Sources */,
				B8046A492CEA1AF500933704 /* MusicFilterViewModel.swift in Sources */,
				F17369462CDF24A100F6242C /* FetchRecommendedMusicUseCase.swift in Sources */,
				F17369612CE36D8000F6242C /* FetchImageUseCase.swift in Sources */,
				F17369772CE389AA00F6242C /* SwipeMusicTrackModel.swift in Sources */,
				B8D553F02CDFE2F5007CCD6D /* HTTPMethod.swift in Sources */,
				F17369252CDC662A00F6242C /* CircleMenuButton.swift in Sources */,
				F17369702CE3710A00F6242C /* ImageFetchService.swift in Sources */,
				2010484F2CEA0B300015E800 /* BasicButton.swift in Sources */,
				881BBCB22CDCF91B00010A61 /* MockSpotifyAPIService.swift in Sources */,
				F17369522CDFA7DC00F6242C /* SongMapper.swift in Sources */,
				F17369742CE3733300F6242C /* ImageFecthError.swift in Sources */,
				2075FEC62CECDE37009834BE /* DefaultChangeCurrentPlaylistIUseCase.swift in Sources */,
				881BBCB42CDCF91B00010A61 /* SpotifyTokenProvider.swift in Sources */,
				881BBCB52CDCF91B00010A61 /* MockSpotifyTokenProvider.swift in Sources */,
				20397E722CE5DFC6004ED9CE /* DefaultPlaylistRepository.swift in Sources */,
				881BBCB62CDCF91B00010A61 /* SpotifyAPIService.swift in Sources */,
				20397E5A2CE5CB3C004ED9CE /* PlaylistRepository.swift in Sources */,
				200918422CECA79A0058D8C7 /* UserDefaultsError.swift in Sources */,
				F17369592CDFB73000F6242C /* RGBAColor.swift in Sources */,
				B8046A3E2CE8780000933704 /* MusicFilterViewController.swift in Sources */,
				2009183C2CEC9C0E0058D8C7 /* CurrentPlaylistRepository.swift in Sources */,
				F17368FB2CD86B1100F6242C /* SceneDelegate.swift in Sources */,
				2075FEC42CECDE29009834BE /* ChangeCurrentPlaylistIUseCase.swift in Sources */,
				2008FCBB2CE8A1B90060F3B8 /* PlaylistEntity.swift in Sources */,
				F17369232CDC5E5F00F6242C /* MusicTagView.swift in Sources */,
			);
			runOnlyForDeploymentPostprocessing = 0;
		};
		F173692F2CDCE31C00F6242C /* Sources */ = {
			isa = PBXSourcesBuildPhase;
			buildActionMask = 2147483647;
			files = (
				8816226B2CE3838B00E81EA0 /* DeckTests.swift in Sources */,
				20397E802CE5FD0A004ED9CE /* DefaultPlaylistRepositoryTests.swift in Sources */,
				B8D554872CE0F41F007CCD6D /* NetworkProviderTests.swift in Sources */,
				200918442CECA8170058D8C7 /* DefaultCurrentPlaylistRepositoryTests.swift in Sources */,
				B8D554862CE0F417007CCD6D /* MockURLProtocol.swift in Sources */,
				B8D554852CE0F411007CCD6D /* SpotifyAccessTokenResponseDTODummy.swift in Sources */,
				B8D554802CE0F152007CCD6D /* RecommendationsResponseDTODummy.swift in Sources */,
				B8D554C22CE32B9A007CCD6D /* SpotifyTokenProviderTests.swift in Sources */,
				B8D554C42CE33979007CCD6D /* MockNetworkProvider.swift in Sources */,
				B8046A4D2CEA62D100933704 /* SpotifyAvailableGenreSeedsDTODummy.swift in Sources */,
			);
			runOnlyForDeploymentPostprocessing = 0;
		};
/* End PBXSourcesBuildPhase section */

/* Begin PBXTargetDependency section */
		F173692B2CDC85DD00F6242C /* PBXTargetDependency */ = {
			isa = PBXTargetDependency;
			productRef = F173692A2CDC85DD00F6242C /* SwiftLintBuildToolPlugin */;
		};
		F17369382CDCE31C00F6242C /* PBXTargetDependency */ = {
			isa = PBXTargetDependency;
			target = F17368F42CD86B1100F6242C /* Molio */;
			targetProxy = F17369372CDCE31C00F6242C /* PBXContainerItemProxy */;
		};
/* End PBXTargetDependency section */

/* Begin PBXVariantGroup section */
		F17369032CD86B1300F6242C /* LaunchScreen.storyboard */ = {
			isa = PBXVariantGroup;
			children = (
				F17369042CD86B1300F6242C /* Base */,
			);
			name = LaunchScreen.storyboard;
			sourceTree = "<group>";
		};
/* End PBXVariantGroup section */

/* Begin XCBuildConfiguration section */
		F17369072CD86B1300F6242C /* Debug */ = {
			isa = XCBuildConfiguration;
			buildSettings = {
				ALWAYS_SEARCH_USER_PATHS = NO;
				ASSETCATALOG_COMPILER_GENERATE_SWIFT_ASSET_SYMBOL_EXTENSIONS = YES;
				CLANG_ANALYZER_NONNULL = YES;
				CLANG_ANALYZER_NUMBER_OBJECT_CONVERSION = YES_AGGRESSIVE;
				CLANG_CXX_LANGUAGE_STANDARD = "gnu++20";
				CLANG_ENABLE_MODULES = YES;
				CLANG_ENABLE_OBJC_ARC = YES;
				CLANG_ENABLE_OBJC_WEAK = YES;
				CLANG_WARN_BLOCK_CAPTURE_AUTORELEASING = YES;
				CLANG_WARN_BOOL_CONVERSION = YES;
				CLANG_WARN_COMMA = YES;
				CLANG_WARN_CONSTANT_CONVERSION = YES;
				CLANG_WARN_DEPRECATED_OBJC_IMPLEMENTATIONS = YES;
				CLANG_WARN_DIRECT_OBJC_ISA_USAGE = YES_ERROR;
				CLANG_WARN_DOCUMENTATION_COMMENTS = YES;
				CLANG_WARN_EMPTY_BODY = YES;
				CLANG_WARN_ENUM_CONVERSION = YES;
				CLANG_WARN_INFINITE_RECURSION = YES;
				CLANG_WARN_INT_CONVERSION = YES;
				CLANG_WARN_NON_LITERAL_NULL_CONVERSION = YES;
				CLANG_WARN_OBJC_IMPLICIT_RETAIN_SELF = YES;
				CLANG_WARN_OBJC_LITERAL_CONVERSION = YES;
				CLANG_WARN_OBJC_ROOT_CLASS = YES_ERROR;
				CLANG_WARN_QUOTED_INCLUDE_IN_FRAMEWORK_HEADER = YES;
				CLANG_WARN_RANGE_LOOP_ANALYSIS = YES;
				CLANG_WARN_STRICT_PROTOTYPES = YES;
				CLANG_WARN_SUSPICIOUS_MOVE = YES;
				CLANG_WARN_UNGUARDED_AVAILABILITY = YES_AGGRESSIVE;
				CLANG_WARN_UNREACHABLE_CODE = YES;
				CLANG_WARN__DUPLICATE_METHOD_MATCH = YES;
				COPY_PHASE_STRIP = NO;
				DEBUG_INFORMATION_FORMAT = dwarf;
				ENABLE_STRICT_OBJC_MSGSEND = YES;
				ENABLE_TESTABILITY = YES;
				ENABLE_USER_SCRIPT_SANDBOXING = YES;
				GCC_C_LANGUAGE_STANDARD = gnu17;
				GCC_DYNAMIC_NO_PIC = NO;
				GCC_NO_COMMON_BLOCKS = YES;
				GCC_OPTIMIZATION_LEVEL = 0;
				GCC_PREPROCESSOR_DEFINITIONS = (
					"DEBUG=1",
					"$(inherited)",
				);
				GCC_WARN_64_TO_32_BIT_CONVERSION = YES;
				GCC_WARN_ABOUT_RETURN_TYPE = YES_ERROR;
				GCC_WARN_UNDECLARED_SELECTOR = YES;
				GCC_WARN_UNINITIALIZED_AUTOS = YES_AGGRESSIVE;
				GCC_WARN_UNUSED_FUNCTION = YES;
				GCC_WARN_UNUSED_VARIABLE = YES;
				IPHONEOS_DEPLOYMENT_TARGET = 17.5;
				LOCALIZATION_PREFERS_STRING_CATALOGS = YES;
				MTL_ENABLE_DEBUG_INFO = INCLUDE_SOURCE;
				MTL_FAST_MATH = YES;
				ONLY_ACTIVE_ARCH = YES;
				SDKROOT = iphoneos;
				SWIFT_ACTIVE_COMPILATION_CONDITIONS = "DEBUG $(inherited)";
				SWIFT_OPTIMIZATION_LEVEL = "-Onone";
			};
			name = Debug;
		};
		F17369082CD86B1300F6242C /* Release */ = {
			isa = XCBuildConfiguration;
			buildSettings = {
				ALWAYS_SEARCH_USER_PATHS = NO;
				ASSETCATALOG_COMPILER_GENERATE_SWIFT_ASSET_SYMBOL_EXTENSIONS = YES;
				CLANG_ANALYZER_NONNULL = YES;
				CLANG_ANALYZER_NUMBER_OBJECT_CONVERSION = YES_AGGRESSIVE;
				CLANG_CXX_LANGUAGE_STANDARD = "gnu++20";
				CLANG_ENABLE_MODULES = YES;
				CLANG_ENABLE_OBJC_ARC = YES;
				CLANG_ENABLE_OBJC_WEAK = YES;
				CLANG_WARN_BLOCK_CAPTURE_AUTORELEASING = YES;
				CLANG_WARN_BOOL_CONVERSION = YES;
				CLANG_WARN_COMMA = YES;
				CLANG_WARN_CONSTANT_CONVERSION = YES;
				CLANG_WARN_DEPRECATED_OBJC_IMPLEMENTATIONS = YES;
				CLANG_WARN_DIRECT_OBJC_ISA_USAGE = YES_ERROR;
				CLANG_WARN_DOCUMENTATION_COMMENTS = YES;
				CLANG_WARN_EMPTY_BODY = YES;
				CLANG_WARN_ENUM_CONVERSION = YES;
				CLANG_WARN_INFINITE_RECURSION = YES;
				CLANG_WARN_INT_CONVERSION = YES;
				CLANG_WARN_NON_LITERAL_NULL_CONVERSION = YES;
				CLANG_WARN_OBJC_IMPLICIT_RETAIN_SELF = YES;
				CLANG_WARN_OBJC_LITERAL_CONVERSION = YES;
				CLANG_WARN_OBJC_ROOT_CLASS = YES_ERROR;
				CLANG_WARN_QUOTED_INCLUDE_IN_FRAMEWORK_HEADER = YES;
				CLANG_WARN_RANGE_LOOP_ANALYSIS = YES;
				CLANG_WARN_STRICT_PROTOTYPES = YES;
				CLANG_WARN_SUSPICIOUS_MOVE = YES;
				CLANG_WARN_UNGUARDED_AVAILABILITY = YES_AGGRESSIVE;
				CLANG_WARN_UNREACHABLE_CODE = YES;
				CLANG_WARN__DUPLICATE_METHOD_MATCH = YES;
				COPY_PHASE_STRIP = NO;
				DEBUG_INFORMATION_FORMAT = "dwarf-with-dsym";
				ENABLE_NS_ASSERTIONS = NO;
				ENABLE_STRICT_OBJC_MSGSEND = YES;
				ENABLE_USER_SCRIPT_SANDBOXING = YES;
				GCC_C_LANGUAGE_STANDARD = gnu17;
				GCC_NO_COMMON_BLOCKS = YES;
				GCC_WARN_64_TO_32_BIT_CONVERSION = YES;
				GCC_WARN_ABOUT_RETURN_TYPE = YES_ERROR;
				GCC_WARN_UNDECLARED_SELECTOR = YES;
				GCC_WARN_UNINITIALIZED_AUTOS = YES_AGGRESSIVE;
				GCC_WARN_UNUSED_FUNCTION = YES;
				GCC_WARN_UNUSED_VARIABLE = YES;
				IPHONEOS_DEPLOYMENT_TARGET = 17.5;
				LOCALIZATION_PREFERS_STRING_CATALOGS = YES;
				MTL_ENABLE_DEBUG_INFO = NO;
				MTL_FAST_MATH = YES;
				SDKROOT = iphoneos;
				SWIFT_COMPILATION_MODE = wholemodule;
				VALIDATE_PRODUCT = YES;
			};
			name = Release;
		};
		F173690A2CD86B1300F6242C /* Debug */ = {
			isa = XCBuildConfiguration;
			baseConfigurationReference = 2010484A2CE9FC8D0015E800 /* Secrets.xcconfig */;
			buildSettings = {
				ASSETCATALOG_COMPILER_APPICON_NAME = AppIcon;
				ASSETCATALOG_COMPILER_GLOBAL_ACCENT_COLOR_NAME = AccentColor;
				CODE_SIGN_STYLE = Automatic;
				CURRENT_PROJECT_VERSION = 1;
				DEVELOPMENT_TEAM = B3PWYBKFUK;
				GENERATE_INFOPLIST_FILE = YES;
				INFOPLIST_FILE = Molio/Resource/Info.plist;
				INFOPLIST_KEY_NSAppleMusicUsageDescription = "Apple Music의 음악 데이터를 검색하거나 플레이리스트를 내보내려면 Apple Music 접근 권한 승인이 필요합니다.";
				INFOPLIST_KEY_UIApplicationSupportsIndirectInputEvents = YES;
				INFOPLIST_KEY_UILaunchStoryboardName = LaunchScreen;
				INFOPLIST_KEY_UISupportedInterfaceOrientations_iPad = "UIInterfaceOrientationPortrait UIInterfaceOrientationPortraitUpsideDown UIInterfaceOrientationLandscapeLeft UIInterfaceOrientationLandscapeRight";
				INFOPLIST_KEY_UISupportedInterfaceOrientations_iPhone = "UIInterfaceOrientationPortrait UIInterfaceOrientationLandscapeLeft UIInterfaceOrientationLandscapeRight";
				IPHONEOS_DEPLOYMENT_TARGET = 16.0;
				LD_RUNPATH_SEARCH_PATHS = (
					"$(inherited)",
					"@executable_path/Frameworks",
				);
				MARKETING_VERSION = 1.0;
				PRODUCT_BUNDLE_IDENTIFIER = kr.codesquad.boostcamp9.Molio;
				PRODUCT_NAME = "$(TARGET_NAME)";
				SUPPORTED_PLATFORMS = "iphoneos iphonesimulator";
				SUPPORTS_MACCATALYST = NO;
				SUPPORTS_MAC_DESIGNED_FOR_IPHONE_IPAD = NO;
				SUPPORTS_XR_DESIGNED_FOR_IPHONE_IPAD = NO;
				SWIFT_EMIT_LOC_STRINGS = YES;
				SWIFT_VERSION = 5.0;
				TARGETED_DEVICE_FAMILY = 1;
			};
			name = Debug;
		};
		F173690B2CD86B1300F6242C /* Release */ = {
			isa = XCBuildConfiguration;
			baseConfigurationReference = 2010484A2CE9FC8D0015E800 /* Secrets.xcconfig */;
			buildSettings = {
				ASSETCATALOG_COMPILER_APPICON_NAME = AppIcon;
				ASSETCATALOG_COMPILER_GLOBAL_ACCENT_COLOR_NAME = AccentColor;
				CODE_SIGN_STYLE = Automatic;
				CURRENT_PROJECT_VERSION = 1;
				DEVELOPMENT_TEAM = B3PWYBKFUK;
				GENERATE_INFOPLIST_FILE = YES;
				INFOPLIST_FILE = Molio/Resource/Info.plist;
				INFOPLIST_KEY_NSAppleMusicUsageDescription = "Apple Music의 음악 데이터를 검색하거나 플레이리스트를 내보내려면 Apple Music 접근 권한 승인이 필요합니다.";
				INFOPLIST_KEY_UIApplicationSupportsIndirectInputEvents = YES;
				INFOPLIST_KEY_UILaunchStoryboardName = LaunchScreen;
				INFOPLIST_KEY_UISupportedInterfaceOrientations_iPad = "UIInterfaceOrientationPortrait UIInterfaceOrientationPortraitUpsideDown UIInterfaceOrientationLandscapeLeft UIInterfaceOrientationLandscapeRight";
				INFOPLIST_KEY_UISupportedInterfaceOrientations_iPhone = "UIInterfaceOrientationPortrait UIInterfaceOrientationLandscapeLeft UIInterfaceOrientationLandscapeRight";
				IPHONEOS_DEPLOYMENT_TARGET = 16.0;
				LD_RUNPATH_SEARCH_PATHS = (
					"$(inherited)",
					"@executable_path/Frameworks",
				);
				MARKETING_VERSION = 1.0;
				PRODUCT_BUNDLE_IDENTIFIER = kr.codesquad.boostcamp9.Molio;
				PRODUCT_NAME = "$(TARGET_NAME)";
				SUPPORTED_PLATFORMS = "iphoneos iphonesimulator";
				SUPPORTS_MACCATALYST = NO;
				SUPPORTS_MAC_DESIGNED_FOR_IPHONE_IPAD = NO;
				SUPPORTS_XR_DESIGNED_FOR_IPHONE_IPAD = NO;
				SWIFT_EMIT_LOC_STRINGS = YES;
				SWIFT_VERSION = 5.0;
				TARGETED_DEVICE_FAMILY = 1;
			};
			name = Release;
		};
		F17369392CDCE31C00F6242C /* Debug */ = {
			isa = XCBuildConfiguration;
			baseConfigurationReference = 2010484A2CE9FC8D0015E800 /* Secrets.xcconfig */;
			buildSettings = {
				BUNDLE_LOADER = "$(TEST_HOST)";
				CODE_SIGN_STYLE = Automatic;
				CURRENT_PROJECT_VERSION = 1;
				DEVELOPMENT_TEAM = B3PWYBKFUK;
				GENERATE_INFOPLIST_FILE = YES;
				IPHONEOS_DEPLOYMENT_TARGET = 16.0;
				MARKETING_VERSION = 1.0;
				PRODUCT_BUNDLE_IDENTIFIER = kr.codesquad.boostcamp9.MolioTests;
				PRODUCT_NAME = "$(TARGET_NAME)";
				SUPPORTED_PLATFORMS = "iphoneos iphonesimulator";
				SUPPORTS_MACCATALYST = NO;
				SUPPORTS_MAC_DESIGNED_FOR_IPHONE_IPAD = NO;
				SUPPORTS_XR_DESIGNED_FOR_IPHONE_IPAD = NO;
				SWIFT_EMIT_LOC_STRINGS = NO;
				SWIFT_VERSION = 5.0;
				TARGETED_DEVICE_FAMILY = 1;
				TEST_HOST = "$(BUILT_PRODUCTS_DIR)/Molio.app/$(BUNDLE_EXECUTABLE_FOLDER_PATH)/Molio";
			};
			name = Debug;
		};
		F173693A2CDCE31C00F6242C /* Release */ = {
			isa = XCBuildConfiguration;
			baseConfigurationReference = 2010484A2CE9FC8D0015E800 /* Secrets.xcconfig */;
			buildSettings = {
				BUNDLE_LOADER = "$(TEST_HOST)";
				CODE_SIGN_STYLE = Automatic;
				CURRENT_PROJECT_VERSION = 1;
				DEVELOPMENT_TEAM = B3PWYBKFUK;
				GENERATE_INFOPLIST_FILE = YES;
				IPHONEOS_DEPLOYMENT_TARGET = 16.0;
				MARKETING_VERSION = 1.0;
				PRODUCT_BUNDLE_IDENTIFIER = kr.codesquad.boostcamp9.MolioTests;
				PRODUCT_NAME = "$(TARGET_NAME)";
				SUPPORTED_PLATFORMS = "iphoneos iphonesimulator";
				SUPPORTS_MACCATALYST = NO;
				SUPPORTS_MAC_DESIGNED_FOR_IPHONE_IPAD = NO;
				SUPPORTS_XR_DESIGNED_FOR_IPHONE_IPAD = NO;
				SWIFT_EMIT_LOC_STRINGS = NO;
				SWIFT_VERSION = 5.0;
				TARGETED_DEVICE_FAMILY = 1;
				TEST_HOST = "$(BUILT_PRODUCTS_DIR)/Molio.app/$(BUNDLE_EXECUTABLE_FOLDER_PATH)/Molio";
			};
			name = Release;
		};
/* End XCBuildConfiguration section */

/* Begin XCConfigurationList section */
		F17368F02CD86B1100F6242C /* Build configuration list for PBXProject "Molio" */ = {
			isa = XCConfigurationList;
			buildConfigurations = (
				F17369072CD86B1300F6242C /* Debug */,
				F17369082CD86B1300F6242C /* Release */,
			);
			defaultConfigurationIsVisible = 0;
			defaultConfigurationName = Release;
		};
		F17369092CD86B1300F6242C /* Build configuration list for PBXNativeTarget "Molio" */ = {
			isa = XCConfigurationList;
			buildConfigurations = (
				F173690A2CD86B1300F6242C /* Debug */,
				F173690B2CD86B1300F6242C /* Release */,
			);
			defaultConfigurationIsVisible = 0;
			defaultConfigurationName = Release;
		};
		F173693B2CDCE31C00F6242C /* Build configuration list for PBXNativeTarget "MolioTests" */ = {
			isa = XCConfigurationList;
			buildConfigurations = (
				F17369392CDCE31C00F6242C /* Debug */,
				F173693A2CDCE31C00F6242C /* Release */,
			);
			defaultConfigurationIsVisible = 0;
			defaultConfigurationName = Release;
		};
/* End XCConfigurationList section */

/* Begin XCRemoteSwiftPackageReference section */
		F17369102CDAFE3600F6242C /* XCRemoteSwiftPackageReference "SwiftLintPlugins" */ = {
			isa = XCRemoteSwiftPackageReference;
			repositoryURL = "https://github.com/SimplyDanny/SwiftLintPlugins";
			requirement = {
				kind = upToNextMajorVersion;
				minimumVersion = 0.57.0;
			};
		};
/* End XCRemoteSwiftPackageReference section */

/* Begin XCSwiftPackageProductDependency section */
		F173692A2CDC85DD00F6242C /* SwiftLintBuildToolPlugin */ = {
			isa = XCSwiftPackageProductDependency;
			package = F17369102CDAFE3600F6242C /* XCRemoteSwiftPackageReference "SwiftLintPlugins" */;
			productName = "plugin:SwiftLintBuildToolPlugin";
		};
/* End XCSwiftPackageProductDependency section */

/* Begin XCVersionGroup section */
		20397E682CE5DCDD004ED9CE /* MolioModel.xcdatamodeld */ = {
			isa = XCVersionGroup;
			children = (
				20397E692CE5DCDD004ED9CE /* MolioModel.xcdatamodel */,
			);
			currentVersion = 20397E692CE5DCDD004ED9CE /* MolioModel.xcdatamodel */;
			path = MolioModel.xcdatamodeld;
			sourceTree = "<group>";
			versionGroupType = wrapper.xcdatamodel;
		};
/* End XCVersionGroup section */
	};
	rootObject = F17368ED2CD86B1100F6242C /* Project object */;
}
