// !$*UTF8*$!
{
	archiveVersion = 1;
	classes = {
	};
	objectVersion = 56;
	objects = {

/* Begin PBXBuildFile section */
		2003BA012CDB7498002CAB3E /* PretendardFontName.swift in Sources */ = {isa = PBXBuildFile; fileRef = 2003BA002CDB7498002CAB3E /* PretendardFontName.swift */; };
		2003BA0C2CDB8300002CAB3E /* Pretendard-Medium.otf in Resources */ = {isa = PBXBuildFile; fileRef = 2003BA032CDB82FF002CAB3E /* Pretendard-Medium.otf */; };
		2003BA0D2CDB8300002CAB3E /* Pretendard-Thin.otf in Resources */ = {isa = PBXBuildFile; fileRef = 2003BA042CDB82FF002CAB3E /* Pretendard-Thin.otf */; };
		2003BA0E2CDB8300002CAB3E /* Pretendard-Black.otf in Resources */ = {isa = PBXBuildFile; fileRef = 2003BA052CDB8300002CAB3E /* Pretendard-Black.otf */; };
		2003BA0F2CDB8300002CAB3E /* Pretendard-Light.otf in Resources */ = {isa = PBXBuildFile; fileRef = 2003BA062CDB8300002CAB3E /* Pretendard-Light.otf */; };
		2003BA102CDB8300002CAB3E /* Pretendard-ExtraBold.otf in Resources */ = {isa = PBXBuildFile; fileRef = 2003BA072CDB8300002CAB3E /* Pretendard-ExtraBold.otf */; };
		2003BA112CDB8300002CAB3E /* Pretendard-Regular.otf in Resources */ = {isa = PBXBuildFile; fileRef = 2003BA082CDB8300002CAB3E /* Pretendard-Regular.otf */; };
		2003BA122CDB8300002CAB3E /* Pretendard-SemiBold.otf in Resources */ = {isa = PBXBuildFile; fileRef = 2003BA092CDB8300002CAB3E /* Pretendard-SemiBold.otf */; };
		2003BA132CDB8300002CAB3E /* Pretendard-ExtraLight.otf in Resources */ = {isa = PBXBuildFile; fileRef = 2003BA0A2CDB8300002CAB3E /* Pretendard-ExtraLight.otf */; };
		2003BA142CDB8300002CAB3E /* Pretendard-Bold.otf in Resources */ = {isa = PBXBuildFile; fileRef = 2003BA0B2CDB8300002CAB3E /* Pretendard-Bold.otf */; };
		2003BA162CDB8D69002CAB3E /* Font+Extension.swift in Sources */ = {isa = PBXBuildFile; fileRef = 2003BA152CDB8D69002CAB3E /* Font+Extension.swift */; };
		2003BA182CDB8DE0002CAB3E /* Text+Extension.swift in Sources */ = {isa = PBXBuildFile; fileRef = 2003BA172CDB8DE0002CAB3E /* Text+Extension.swift */; };
		2003BA1C2CDB8EE5002CAB3E /* UILabel+Extension.swift in Sources */ = {isa = PBXBuildFile; fileRef = 2003BA1B2CDB8EE5002CAB3E /* UILabel+Extension.swift */; };
		B809707D2CDB4425007BC3C4 /* Component.swift in Sources */ = {isa = PBXBuildFile; fileRef = B809707C2CDB4425007BC3C4 /* Component.swift */; };
		B80970802CDB4455007BC3C4 /* Base.swift in Sources */ = {isa = PBXBuildFile; fileRef = B809707F2CDB4455007BC3C4 /* Base.swift */; };
		B80970852CDB44E3007BC3C4 /* Entity.swift in Sources */ = {isa = PBXBuildFile; fileRef = B80970842CDB44E3007BC3C4 /* Entity.swift */; };
		B80970872CDB44F7007BC3C4 /* RepositoryInterface.swift in Sources */ = {isa = PBXBuildFile; fileRef = B80970862CDB44F7007BC3C4 /* RepositoryInterface.swift */; };
		B80970892CDB451D007BC3C4 /* UseCase.swift in Sources */ = {isa = PBXBuildFile; fileRef = B80970882CDB451D007BC3C4 /* UseCase.swift */; };
		B809708E2CDB4589007BC3C4 /* Repository.swift in Sources */ = {isa = PBXBuildFile; fileRef = B809708D2CDB4589007BC3C4 /* Repository.swift */; };
		B80970942CDB45DF007BC3C4 /* LocalStorage.swift in Sources */ = {isa = PBXBuildFile; fileRef = B80970932CDB45DF007BC3C4 /* LocalStorage.swift */; };
		B80970962CDB45EE007BC3C4 /* DTO.swift in Sources */ = {isa = PBXBuildFile; fileRef = B80970952CDB45EE007BC3C4 /* DTO.swift */; };
		B809709B2CDB4682007BC3C4 /* Extension.swift in Sources */ = {isa = PBXBuildFile; fileRef = B809709A2CDB4682007BC3C4 /* Extension.swift */; };
		B809709E2CDB640B007BC3C4 /* MusicKitService.swift in Sources */ = {isa = PBXBuildFile; fileRef = B809709D2CDB640B007BC3C4 /* MusicKitService.swift */; };
		F17368F92CD86B1100F6242C /* AppDelegate.swift in Sources */ = {isa = PBXBuildFile; fileRef = F17368F82CD86B1100F6242C /* AppDelegate.swift */; };
		F17368FB2CD86B1100F6242C /* SceneDelegate.swift in Sources */ = {isa = PBXBuildFile; fileRef = F17368FA2CD86B1100F6242C /* SceneDelegate.swift */; };
		F17368FD2CD86B1100F6242C /* ViewController.swift in Sources */ = {isa = PBXBuildFile; fileRef = F17368FC2CD86B1100F6242C /* ViewController.swift */; };
		F17369002CD86B1100F6242C /* Base in Resources */ = {isa = PBXBuildFile; fileRef = F17368FF2CD86B1100F6242C /* Base */; };
		F17369022CD86B1300F6242C /* Assets.xcassets in Resources */ = {isa = PBXBuildFile; fileRef = F17369012CD86B1300F6242C /* Assets.xcassets */; };
		F17369052CD86B1300F6242C /* Base in Resources */ = {isa = PBXBuildFile; fileRef = F17369042CD86B1300F6242C /* Base */; };
		F17369122CDAFE8C00F6242C /* .swiftlint.yml in Resources */ = {isa = PBXBuildFile; fileRef = F17369112CDAFE8C00F6242C /* .swiftlint.yml */; };
/* End PBXBuildFile section */

/* Begin PBXFileReference section */
		2003BA002CDB7498002CAB3E /* PretendardFontName.swift */ = {isa = PBXFileReference; lastKnownFileType = sourcecode.swift; path = PretendardFontName.swift; sourceTree = "<group>"; };
		2003BA032CDB82FF002CAB3E /* Pretendard-Medium.otf */ = {isa = PBXFileReference; lastKnownFileType = file; path = "Pretendard-Medium.otf"; sourceTree = "<group>"; };
		2003BA042CDB82FF002CAB3E /* Pretendard-Thin.otf */ = {isa = PBXFileReference; lastKnownFileType = file; path = "Pretendard-Thin.otf"; sourceTree = "<group>"; };
		2003BA052CDB8300002CAB3E /* Pretendard-Black.otf */ = {isa = PBXFileReference; lastKnownFileType = file; path = "Pretendard-Black.otf"; sourceTree = "<group>"; };
		2003BA062CDB8300002CAB3E /* Pretendard-Light.otf */ = {isa = PBXFileReference; lastKnownFileType = file; path = "Pretendard-Light.otf"; sourceTree = "<group>"; };
		2003BA072CDB8300002CAB3E /* Pretendard-ExtraBold.otf */ = {isa = PBXFileReference; lastKnownFileType = file; path = "Pretendard-ExtraBold.otf"; sourceTree = "<group>"; };
		2003BA082CDB8300002CAB3E /* Pretendard-Regular.otf */ = {isa = PBXFileReference; lastKnownFileType = file; path = "Pretendard-Regular.otf"; sourceTree = "<group>"; };
		2003BA092CDB8300002CAB3E /* Pretendard-SemiBold.otf */ = {isa = PBXFileReference; lastKnownFileType = file; path = "Pretendard-SemiBold.otf"; sourceTree = "<group>"; };
		2003BA0A2CDB8300002CAB3E /* Pretendard-ExtraLight.otf */ = {isa = PBXFileReference; lastKnownFileType = file; path = "Pretendard-ExtraLight.otf"; sourceTree = "<group>"; };
		2003BA0B2CDB8300002CAB3E /* Pretendard-Bold.otf */ = {isa = PBXFileReference; lastKnownFileType = file; path = "Pretendard-Bold.otf"; sourceTree = "<group>"; };
		2003BA152CDB8D69002CAB3E /* Font+Extension.swift */ = {isa = PBXFileReference; lastKnownFileType = sourcecode.swift; path = "Font+Extension.swift"; sourceTree = "<group>"; };
		2003BA172CDB8DE0002CAB3E /* Text+Extension.swift */ = {isa = PBXFileReference; lastKnownFileType = sourcecode.swift; path = "Text+Extension.swift"; sourceTree = "<group>"; };
		2003BA1B2CDB8EE5002CAB3E /* UILabel+Extension.swift */ = {isa = PBXFileReference; lastKnownFileType = sourcecode.swift; path = "UILabel+Extension.swift"; sourceTree = "<group>"; };
		B809707C2CDB4425007BC3C4 /* Component.swift */ = {isa = PBXFileReference; lastKnownFileType = sourcecode.swift; path = Component.swift; sourceTree = "<group>"; };
		B809707F2CDB4455007BC3C4 /* Base.swift */ = {isa = PBXFileReference; lastKnownFileType = sourcecode.swift; path = Base.swift; sourceTree = "<group>"; };
		B80970842CDB44E3007BC3C4 /* Entity.swift */ = {isa = PBXFileReference; lastKnownFileType = sourcecode.swift; path = Entity.swift; sourceTree = "<group>"; };
		B80970862CDB44F7007BC3C4 /* RepositoryInterface.swift */ = {isa = PBXFileReference; lastKnownFileType = sourcecode.swift; path = RepositoryInterface.swift; sourceTree = "<group>"; };
		B80970882CDB451D007BC3C4 /* UseCase.swift */ = {isa = PBXFileReference; lastKnownFileType = sourcecode.swift; path = UseCase.swift; sourceTree = "<group>"; };
		B809708D2CDB4589007BC3C4 /* Repository.swift */ = {isa = PBXFileReference; lastKnownFileType = sourcecode.swift; path = Repository.swift; sourceTree = "<group>"; };
		B80970932CDB45DF007BC3C4 /* LocalStorage.swift */ = {isa = PBXFileReference; lastKnownFileType = sourcecode.swift; path = LocalStorage.swift; sourceTree = "<group>"; };
		B80970952CDB45EE007BC3C4 /* DTO.swift */ = {isa = PBXFileReference; lastKnownFileType = sourcecode.swift; path = DTO.swift; sourceTree = "<group>"; };
		B809709A2CDB4682007BC3C4 /* Extension.swift */ = {isa = PBXFileReference; lastKnownFileType = sourcecode.swift; path = Extension.swift; sourceTree = "<group>"; };
		B809709D2CDB640B007BC3C4 /* MusicKitService.swift */ = {isa = PBXFileReference; lastKnownFileType = sourcecode.swift; path = MusicKitService.swift; sourceTree = "<group>"; };
		F17368F52CD86B1100F6242C /* Molio.app */ = {isa = PBXFileReference; explicitFileType = wrapper.application; includeInIndex = 0; path = Molio.app; sourceTree = BUILT_PRODUCTS_DIR; };
		F17368F82CD86B1100F6242C /* AppDelegate.swift */ = {isa = PBXFileReference; lastKnownFileType = sourcecode.swift; path = AppDelegate.swift; sourceTree = "<group>"; };
		F17368FA2CD86B1100F6242C /* SceneDelegate.swift */ = {isa = PBXFileReference; lastKnownFileType = sourcecode.swift; path = SceneDelegate.swift; sourceTree = "<group>"; };
		F17368FC2CD86B1100F6242C /* ViewController.swift */ = {isa = PBXFileReference; lastKnownFileType = sourcecode.swift; path = ViewController.swift; sourceTree = "<group>"; };
		F17368FF2CD86B1100F6242C /* Base */ = {isa = PBXFileReference; lastKnownFileType = file.storyboard; name = Base; path = Base.lproj/Main.storyboard; sourceTree = "<group>"; };
		F17369012CD86B1300F6242C /* Assets.xcassets */ = {isa = PBXFileReference; lastKnownFileType = folder.assetcatalog; path = Assets.xcassets; sourceTree = "<group>"; };
		F17369042CD86B1300F6242C /* Base */ = {isa = PBXFileReference; lastKnownFileType = file.storyboard; name = Base; path = Base.lproj/LaunchScreen.storyboard; sourceTree = "<group>"; };
		F17369062CD86B1300F6242C /* Info.plist */ = {isa = PBXFileReference; lastKnownFileType = text.plist.xml; path = Info.plist; sourceTree = "<group>"; };
		F17369112CDAFE8C00F6242C /* .swiftlint.yml */ = {isa = PBXFileReference; lastKnownFileType = text.yaml; path = .swiftlint.yml; sourceTree = "<group>"; };
/* End PBXFileReference section */

/* Begin PBXFrameworksBuildPhase section */
		F17368F22CD86B1100F6242C /* Frameworks */ = {
			isa = PBXFrameworksBuildPhase;
			buildActionMask = 2147483647;
			files = (
			);
			runOnlyForDeploymentPostprocessing = 0;
		};
/* End PBXFrameworksBuildPhase section */

/* Begin PBXGroup section */
		2003B9FF2CDB7479002CAB3E /* DesignSystem */ = {
			isa = PBXGroup;
			children = (
				2003BA002CDB7498002CAB3E /* PretendardFontName.swift */,
			);
			path = DesignSystem;
			sourceTree = "<group>";
		};
		2003BA022CDB82B5002CAB3E /* Font */ = {
			isa = PBXGroup;
			children = (
				2003BA052CDB8300002CAB3E /* Pretendard-Black.otf */,
				2003BA0B2CDB8300002CAB3E /* Pretendard-Bold.otf */,
				2003BA072CDB8300002CAB3E /* Pretendard-ExtraBold.otf */,
				2003BA0A2CDB8300002CAB3E /* Pretendard-ExtraLight.otf */,
				2003BA062CDB8300002CAB3E /* Pretendard-Light.otf */,
				2003BA032CDB82FF002CAB3E /* Pretendard-Medium.otf */,
				2003BA082CDB8300002CAB3E /* Pretendard-Regular.otf */,
				2003BA092CDB8300002CAB3E /* Pretendard-SemiBold.otf */,
				2003BA042CDB82FF002CAB3E /* Pretendard-Thin.otf */,
			);
			path = Font;
			sourceTree = "<group>";
		};
		2003BA192CDB8EB5002CAB3E /* SwiftUI */ = {
			isa = PBXGroup;
			children = (
				2003BA152CDB8D69002CAB3E /* Font+Extension.swift */,
				2003BA172CDB8DE0002CAB3E /* Text+Extension.swift */,
			);
			path = SwiftUI;
			sourceTree = "<group>";
		};
		2003BA1A2CDB8EC6002CAB3E /* UIKit */ = {
			isa = PBXGroup;
			children = (
				2003BA1B2CDB8EE5002CAB3E /* UILabel+Extension.swift */,
			);
			path = UIKit;
			sourceTree = "<group>";
		};
		B80970732CDB434B007BC3C4 /* Source */ = {
			isa = PBXGroup;
			children = (
				2003B9FF2CDB7479002CAB3E /* DesignSystem */,
				B80970752CDB43D3007BC3C4 /* App */,
				B80970762CDB43E2007BC3C4 /* Presentation */,
				B80970772CDB43E7007BC3C4 /* Domain */,
				B80970782CDB43EC007BC3C4 /* Data */,
				B80970792CDB43F1007BC3C4 /* Util */,
			);
			path = Source;
			sourceTree = "<group>";
		};
		B80970742CDB4353007BC3C4 /* Resource */ = {
			isa = PBXGroup;
			children = (
				2003BA022CDB82B5002CAB3E /* Font */,
				F17368FE2CD86B1100F6242C /* Main.storyboard */,
				F17369012CD86B1300F6242C /* Assets.xcassets */,
				F17369032CD86B1300F6242C /* LaunchScreen.storyboard */,
				F17369062CD86B1300F6242C /* Info.plist */,
			);
			path = Resource;
			sourceTree = "<group>";
		};
		B80970752CDB43D3007BC3C4 /* App */ = {
			isa = PBXGroup;
			children = (
				F17368F82CD86B1100F6242C /* AppDelegate.swift */,
				F17368FA2CD86B1100F6242C /* SceneDelegate.swift */,
			);
			path = App;
			sourceTree = "<group>";
		};
		B80970762CDB43E2007BC3C4 /* Presentation */ = {
			isa = PBXGroup;
			children = (
				B809707A2CDB4405007BC3C4 /* Common */,
			);
			path = Presentation;
			sourceTree = "<group>";
		};
		B80970772CDB43E7007BC3C4 /* Domain */ = {
			isa = PBXGroup;
			children = (
				B80970812CDB4472007BC3C4 /* UseCase */,
				B80970822CDB4478007BC3C4 /* Repository Interface */,
				B80970832CDB44DB007BC3C4 /* Entity */,
			);
			path = Domain;
			sourceTree = "<group>";
		};
		B80970782CDB43EC007BC3C4 /* Data */ = {
			isa = PBXGroup;
			children = (
				B809708A2CDB456E007BC3C4 /* Repository */,
				B809708B2CDB4575007BC3C4 /* DataSource */,
				B809708C2CDB457C007BC3C4 /* DTO */,
			);
			path = Data;
			sourceTree = "<group>";
		};
		B80970792CDB43F1007BC3C4 /* Util */ = {
			isa = PBXGroup;
			children = (
				B80970992CDB4678007BC3C4 /* Extension */,
			);
			path = Util;
			sourceTree = "<group>";
		};
		B809707A2CDB4405007BC3C4 /* Common */ = {
			isa = PBXGroup;
			children = (
				B809707B2CDB440A007BC3C4 /* Component */,
				B809707E2CDB444C007BC3C4 /* Base */,
				F17368FC2CD86B1100F6242C /* ViewController.swift */,
			);
			path = Common;
			sourceTree = "<group>";
		};
		B809707B2CDB440A007BC3C4 /* Component */ = {
			isa = PBXGroup;
			children = (
				B809707C2CDB4425007BC3C4 /* Component.swift */,
			);
			path = Component;
			sourceTree = "<group>";
		};
		B809707E2CDB444C007BC3C4 /* Base */ = {
			isa = PBXGroup;
			children = (
				B809707F2CDB4455007BC3C4 /* Base.swift */,
			);
			path = Base;
			sourceTree = "<group>";
		};
		B80970812CDB4472007BC3C4 /* UseCase */ = {
			isa = PBXGroup;
			children = (
				B80970882CDB451D007BC3C4 /* UseCase.swift */,
			);
			path = UseCase;
			sourceTree = "<group>";
		};
		B80970822CDB4478007BC3C4 /* Repository Interface */ = {
			isa = PBXGroup;
			children = (
				B80970862CDB44F7007BC3C4 /* RepositoryInterface.swift */,
			);
			path = "Repository Interface";
			sourceTree = "<group>";
		};
		B80970832CDB44DB007BC3C4 /* Entity */ = {
			isa = PBXGroup;
			children = (
				B80970842CDB44E3007BC3C4 /* Entity.swift */,
			);
			path = Entity;
			sourceTree = "<group>";
		};
		B809708A2CDB456E007BC3C4 /* Repository */ = {
			isa = PBXGroup;
			children = (
				B809708D2CDB4589007BC3C4 /* Repository.swift */,
			);
			path = Repository;
			sourceTree = "<group>";
		};
		B809708B2CDB4575007BC3C4 /* DataSource */ = {
			isa = PBXGroup;
			children = (
				B809708F2CDB45B7007BC3C4 /* Network */,
				B80970902CDB45BC007BC3C4 /* LocalStorage */,
			);
			path = DataSource;
			sourceTree = "<group>";
		};
		B809708C2CDB457C007BC3C4 /* DTO */ = {
			isa = PBXGroup;
			children = (
				B80970952CDB45EE007BC3C4 /* DTO.swift */,
			);
			path = DTO;
			sourceTree = "<group>";
		};
		B809708F2CDB45B7007BC3C4 /* Network */ = {
			isa = PBXGroup;
			children = (
				B809709D2CDB640B007BC3C4 /* MusicKitService.swift */,
			);
			path = Network;
			sourceTree = "<group>";
		};
		B80970902CDB45BC007BC3C4 /* LocalStorage */ = {
			isa = PBXGroup;
			children = (
				B80970932CDB45DF007BC3C4 /* LocalStorage.swift */,
			);
			path = LocalStorage;
			sourceTree = "<group>";
		};
		B80970992CDB4678007BC3C4 /* Extension */ = {
			isa = PBXGroup;
			children = (
				2003BA1A2CDB8EC6002CAB3E /* UIKit */,
				2003BA192CDB8EB5002CAB3E /* SwiftUI */,
			);
			path = Extension;
			sourceTree = "<group>";
		};
		F17368EC2CD86B1100F6242C = {
			isa = PBXGroup;
			children = (
				F17369112CDAFE8C00F6242C /* .swiftlint.yml */,
				F17368F72CD86B1100F6242C /* Molio */,
				F17368F62CD86B1100F6242C /* Products */,
			);
			sourceTree = "<group>";
		};
		F17368F62CD86B1100F6242C /* Products */ = {
			isa = PBXGroup;
			children = (
				F17368F52CD86B1100F6242C /* Molio.app */,
			);
			name = Products;
			sourceTree = "<group>";
		};
		F17368F72CD86B1100F6242C /* Molio */ = {
			isa = PBXGroup;
			children = (
				B80970732CDB434B007BC3C4 /* Source */,
				B80970742CDB4353007BC3C4 /* Resource */,
			);
			path = Molio;
			sourceTree = "<group>";
		};
/* End PBXGroup section */

/* Begin PBXNativeTarget section */
		F17368F42CD86B1100F6242C /* Molio */ = {
			isa = PBXNativeTarget;
			buildConfigurationList = F17369092CD86B1300F6242C /* Build configuration list for PBXNativeTarget "Molio" */;
			buildPhases = (
				F17368F12CD86B1100F6242C /* Sources */,
				F17368F22CD86B1100F6242C /* Frameworks */,
				F17368F32CD86B1100F6242C /* Resources */,
			);
			buildRules = (
			);
			dependencies = (
				F17369152CDB004100F6242C /* PBXTargetDependency */,
			);
			name = Molio;
			productName = Molio;
			productReference = F17368F52CD86B1100F6242C /* Molio.app */;
			productType = "com.apple.product-type.application";
		};
/* End PBXNativeTarget section */

/* Begin PBXProject section */
		F17368ED2CD86B1100F6242C /* Project object */ = {
			isa = PBXProject;
			attributes = {
				BuildIndependentTargetsInParallel = 1;
				LastSwiftUpdateCheck = 1600;
				LastUpgradeCheck = 1540;
				TargetAttributes = {
					F17368F42CD86B1100F6242C = {
						CreatedOnToolsVersion = 15.4;
					};
				};
			};
			buildConfigurationList = F17368F02CD86B1100F6242C /* Build configuration list for PBXProject "Molio" */;
			compatibilityVersion = "Xcode 14.0";
			developmentRegion = en;
			hasScannedForEncodings = 0;
			knownRegions = (
				en,
				Base,
			);
			mainGroup = F17368EC2CD86B1100F6242C;
			packageReferences = (
				F17369102CDAFE3600F6242C /* XCRemoteSwiftPackageReference "SwiftLintPlugins" */,
			);
			productRefGroup = F17368F62CD86B1100F6242C /* Products */;
			projectDirPath = "";
			projectRoot = "";
			targets = (
				F17368F42CD86B1100F6242C /* Molio */,
			);
		};
/* End PBXProject section */

/* Begin PBXResourcesBuildPhase section */
		F17368F32CD86B1100F6242C /* Resources */ = {
			isa = PBXResourcesBuildPhase;
			buildActionMask = 2147483647;
			files = (
				2003BA142CDB8300002CAB3E /* Pretendard-Bold.otf in Resources */,
				2003BA122CDB8300002CAB3E /* Pretendard-SemiBold.otf in Resources */,
				F17369122CDAFE8C00F6242C /* .swiftlint.yml in Resources */,
				2003BA0F2CDB8300002CAB3E /* Pretendard-Light.otf in Resources */,
				2003BA102CDB8300002CAB3E /* Pretendard-ExtraBold.otf in Resources */,
				2003BA0C2CDB8300002CAB3E /* Pretendard-Medium.otf in Resources */,
				F17369022CD86B1300F6242C /* Assets.xcassets in Resources */,
				2003BA132CDB8300002CAB3E /* Pretendard-ExtraLight.otf in Resources */,
				2003BA0D2CDB8300002CAB3E /* Pretendard-Thin.otf in Resources */,
				F17369052CD86B1300F6242C /* Base in Resources */,
				2003BA112CDB8300002CAB3E /* Pretendard-Regular.otf in Resources */,
				2003BA0E2CDB8300002CAB3E /* Pretendard-Black.otf in Resources */,
				F17369002CD86B1100F6242C /* Base in Resources */,
			);
			runOnlyForDeploymentPostprocessing = 0;
		};
/* End PBXResourcesBuildPhase section */

/* Begin PBXSourcesBuildPhase section */
		F17368F12CD86B1100F6242C /* Sources */ = {
			isa = PBXSourcesBuildPhase;
			buildActionMask = 2147483647;
			files = (
				B80970942CDB45DF007BC3C4 /* LocalStorage.swift in Sources */,
				B80970922CDB45C4007BC3C4 /* Network.swift in Sources */,
				2003BA162CDB8D69002CAB3E /* Font+Extension.swift in Sources */,
				F17368FD2CD86B1100F6242C /* ViewController.swift in Sources */,
				2003BA182CDB8DE0002CAB3E /* Text+Extension.swift in Sources */,
				B80970962CDB45EE007BC3C4 /* DTO.swift in Sources */,
				B80970892CDB451D007BC3C4 /* UseCase.swift in Sources */,
				B80970872CDB44F7007BC3C4 /* RepositoryInterface.swift in Sources */,
				2003BA1C2CDB8EE5002CAB3E /* UILabel+Extension.swift in Sources */,
				B809707D2CDB4425007BC3C4 /* Component.swift in Sources */,
				B80970852CDB44E3007BC3C4 /* Entity.swift in Sources */,
				B809709E2CDB640B007BC3C4 /* MusicKitService.swift in Sources */,
				B809709B2CDB4682007BC3C4 /* Extension.swift in Sources */,
				2003BA012CDB7498002CAB3E /* PretendardFontName.swift in Sources */,
				B80970802CDB4455007BC3C4 /* Base.swift in Sources */,
				F17368F92CD86B1100F6242C /* AppDelegate.swift in Sources */,
				F17368FB2CD86B1100F6242C /* SceneDelegate.swift in Sources */,
				B809708E2CDB4589007BC3C4 /* Repository.swift in Sources */,
			);
			runOnlyForDeploymentPostprocessing = 0;
		};
/* End PBXSourcesBuildPhase section */

/* Begin PBXTargetDependency section */
		F17369152CDB004100F6242C /* PBXTargetDependency */ = {
			isa = PBXTargetDependency;
			productRef = F17369142CDB004100F6242C /* SwiftLintBuildToolPlugin */;
		};
/* End PBXTargetDependency section */

/* Begin PBXVariantGroup section */
		F17368FE2CD86B1100F6242C /* Main.storyboard */ = {
			isa = PBXVariantGroup;
			children = (
				F17368FF2CD86B1100F6242C /* Base */,
			);
			name = Main.storyboard;
			sourceTree = "<group>";
		};
		F17369032CD86B1300F6242C /* LaunchScreen.storyboard */ = {
			isa = PBXVariantGroup;
			children = (
				F17369042CD86B1300F6242C /* Base */,
			);
			name = LaunchScreen.storyboard;
			sourceTree = "<group>";
		};
/* End PBXVariantGroup section */

/* Begin XCBuildConfiguration section */
		F17369072CD86B1300F6242C /* Debug */ = {
			isa = XCBuildConfiguration;
			buildSettings = {
				ALWAYS_SEARCH_USER_PATHS = NO;
				ASSETCATALOG_COMPILER_GENERATE_SWIFT_ASSET_SYMBOL_EXTENSIONS = YES;
				CLANG_ANALYZER_NONNULL = YES;
				CLANG_ANALYZER_NUMBER_OBJECT_CONVERSION = YES_AGGRESSIVE;
				CLANG_CXX_LANGUAGE_STANDARD = "gnu++20";
				CLANG_ENABLE_MODULES = YES;
				CLANG_ENABLE_OBJC_ARC = YES;
				CLANG_ENABLE_OBJC_WEAK = YES;
				CLANG_WARN_BLOCK_CAPTURE_AUTORELEASING = YES;
				CLANG_WARN_BOOL_CONVERSION = YES;
				CLANG_WARN_COMMA = YES;
				CLANG_WARN_CONSTANT_CONVERSION = YES;
				CLANG_WARN_DEPRECATED_OBJC_IMPLEMENTATIONS = YES;
				CLANG_WARN_DIRECT_OBJC_ISA_USAGE = YES_ERROR;
				CLANG_WARN_DOCUMENTATION_COMMENTS = YES;
				CLANG_WARN_EMPTY_BODY = YES;
				CLANG_WARN_ENUM_CONVERSION = YES;
				CLANG_WARN_INFINITE_RECURSION = YES;
				CLANG_WARN_INT_CONVERSION = YES;
				CLANG_WARN_NON_LITERAL_NULL_CONVERSION = YES;
				CLANG_WARN_OBJC_IMPLICIT_RETAIN_SELF = YES;
				CLANG_WARN_OBJC_LITERAL_CONVERSION = YES;
				CLANG_WARN_OBJC_ROOT_CLASS = YES_ERROR;
				CLANG_WARN_QUOTED_INCLUDE_IN_FRAMEWORK_HEADER = YES;
				CLANG_WARN_RANGE_LOOP_ANALYSIS = YES;
				CLANG_WARN_STRICT_PROTOTYPES = YES;
				CLANG_WARN_SUSPICIOUS_MOVE = YES;
				CLANG_WARN_UNGUARDED_AVAILABILITY = YES_AGGRESSIVE;
				CLANG_WARN_UNREACHABLE_CODE = YES;
				CLANG_WARN__DUPLICATE_METHOD_MATCH = YES;
				COPY_PHASE_STRIP = NO;
				DEBUG_INFORMATION_FORMAT = dwarf;
				ENABLE_STRICT_OBJC_MSGSEND = YES;
				ENABLE_TESTABILITY = YES;
				ENABLE_USER_SCRIPT_SANDBOXING = YES;
				GCC_C_LANGUAGE_STANDARD = gnu17;
				GCC_DYNAMIC_NO_PIC = NO;
				GCC_NO_COMMON_BLOCKS = YES;
				GCC_OPTIMIZATION_LEVEL = 0;
				GCC_PREPROCESSOR_DEFINITIONS = (
					"DEBUG=1",
					"$(inherited)",
				);
				GCC_WARN_64_TO_32_BIT_CONVERSION = YES;
				GCC_WARN_ABOUT_RETURN_TYPE = YES_ERROR;
				GCC_WARN_UNDECLARED_SELECTOR = YES;
				GCC_WARN_UNINITIALIZED_AUTOS = YES_AGGRESSIVE;
				GCC_WARN_UNUSED_FUNCTION = YES;
				GCC_WARN_UNUSED_VARIABLE = YES;
				IPHONEOS_DEPLOYMENT_TARGET = 17.5;
				LOCALIZATION_PREFERS_STRING_CATALOGS = YES;
				MTL_ENABLE_DEBUG_INFO = INCLUDE_SOURCE;
				MTL_FAST_MATH = YES;
				ONLY_ACTIVE_ARCH = YES;
				SDKROOT = iphoneos;
				SWIFT_ACTIVE_COMPILATION_CONDITIONS = "DEBUG $(inherited)";
				SWIFT_OPTIMIZATION_LEVEL = "-Onone";
			};
			name = Debug;
		};
		F17369082CD86B1300F6242C /* Release */ = {
			isa = XCBuildConfiguration;
			buildSettings = {
				ALWAYS_SEARCH_USER_PATHS = NO;
				ASSETCATALOG_COMPILER_GENERATE_SWIFT_ASSET_SYMBOL_EXTENSIONS = YES;
				CLANG_ANALYZER_NONNULL = YES;
				CLANG_ANALYZER_NUMBER_OBJECT_CONVERSION = YES_AGGRESSIVE;
				CLANG_CXX_LANGUAGE_STANDARD = "gnu++20";
				CLANG_ENABLE_MODULES = YES;
				CLANG_ENABLE_OBJC_ARC = YES;
				CLANG_ENABLE_OBJC_WEAK = YES;
				CLANG_WARN_BLOCK_CAPTURE_AUTORELEASING = YES;
				CLANG_WARN_BOOL_CONVERSION = YES;
				CLANG_WARN_COMMA = YES;
				CLANG_WARN_CONSTANT_CONVERSION = YES;
				CLANG_WARN_DEPRECATED_OBJC_IMPLEMENTATIONS = YES;
				CLANG_WARN_DIRECT_OBJC_ISA_USAGE = YES_ERROR;
				CLANG_WARN_DOCUMENTATION_COMMENTS = YES;
				CLANG_WARN_EMPTY_BODY = YES;
				CLANG_WARN_ENUM_CONVERSION = YES;
				CLANG_WARN_INFINITE_RECURSION = YES;
				CLANG_WARN_INT_CONVERSION = YES;
				CLANG_WARN_NON_LITERAL_NULL_CONVERSION = YES;
				CLANG_WARN_OBJC_IMPLICIT_RETAIN_SELF = YES;
				CLANG_WARN_OBJC_LITERAL_CONVERSION = YES;
				CLANG_WARN_OBJC_ROOT_CLASS = YES_ERROR;
				CLANG_WARN_QUOTED_INCLUDE_IN_FRAMEWORK_HEADER = YES;
				CLANG_WARN_RANGE_LOOP_ANALYSIS = YES;
				CLANG_WARN_STRICT_PROTOTYPES = YES;
				CLANG_WARN_SUSPICIOUS_MOVE = YES;
				CLANG_WARN_UNGUARDED_AVAILABILITY = YES_AGGRESSIVE;
				CLANG_WARN_UNREACHABLE_CODE = YES;
				CLANG_WARN__DUPLICATE_METHOD_MATCH = YES;
				COPY_PHASE_STRIP = NO;
				DEBUG_INFORMATION_FORMAT = "dwarf-with-dsym";
				ENABLE_NS_ASSERTIONS = NO;
				ENABLE_STRICT_OBJC_MSGSEND = YES;
				ENABLE_USER_SCRIPT_SANDBOXING = YES;
				GCC_C_LANGUAGE_STANDARD = gnu17;
				GCC_NO_COMMON_BLOCKS = YES;
				GCC_WARN_64_TO_32_BIT_CONVERSION = YES;
				GCC_WARN_ABOUT_RETURN_TYPE = YES_ERROR;
				GCC_WARN_UNDECLARED_SELECTOR = YES;
				GCC_WARN_UNINITIALIZED_AUTOS = YES_AGGRESSIVE;
				GCC_WARN_UNUSED_FUNCTION = YES;
				GCC_WARN_UNUSED_VARIABLE = YES;
				IPHONEOS_DEPLOYMENT_TARGET = 17.5;
				LOCALIZATION_PREFERS_STRING_CATALOGS = YES;
				MTL_ENABLE_DEBUG_INFO = NO;
				MTL_FAST_MATH = YES;
				SDKROOT = iphoneos;
				SWIFT_COMPILATION_MODE = wholemodule;
				VALIDATE_PRODUCT = YES;
			};
			name = Release;
		};
		F173690A2CD86B1300F6242C /* Debug */ = {
			isa = XCBuildConfiguration;
			buildSettings = {
				ASSETCATALOG_COMPILER_APPICON_NAME = AppIcon;
				ASSETCATALOG_COMPILER_GLOBAL_ACCENT_COLOR_NAME = AccentColor;
				CODE_SIGN_STYLE = Automatic;
				CURRENT_PROJECT_VERSION = 1;
				DEVELOPMENT_TEAM = B3PWYBKFUK;
				GENERATE_INFOPLIST_FILE = YES;
				INFOPLIST_FILE = Molio/Resource/Info.plist;
				INFOPLIST_KEY_NSAppleMusicUsageDescription = "Apple Music의 음악 데이터를 검색하거나 플레이리스트를 내보내려면 Apple Music 접근 권한 승인이 필요합니다.";
				INFOPLIST_KEY_UIApplicationSupportsIndirectInputEvents = YES;
				INFOPLIST_KEY_UILaunchStoryboardName = LaunchScreen;
				INFOPLIST_KEY_UIMainStoryboardFile = Main;
				INFOPLIST_KEY_UISupportedInterfaceOrientations_iPad = "UIInterfaceOrientationPortrait UIInterfaceOrientationPortraitUpsideDown UIInterfaceOrientationLandscapeLeft UIInterfaceOrientationLandscapeRight";
				INFOPLIST_KEY_UISupportedInterfaceOrientations_iPhone = "UIInterfaceOrientationPortrait UIInterfaceOrientationLandscapeLeft UIInterfaceOrientationLandscapeRight";
				IPHONEOS_DEPLOYMENT_TARGET = 16.0;
				LD_RUNPATH_SEARCH_PATHS = (
					"$(inherited)",
					"@executable_path/Frameworks",
				);
				MARKETING_VERSION = 1.0;
				PRODUCT_BUNDLE_IDENTIFIER = kr.codesquad.boostcamp9.Molio;
				PRODUCT_NAME = "$(TARGET_NAME)";
				SUPPORTED_PLATFORMS = "iphoneos iphonesimulator";
				SUPPORTS_MACCATALYST = NO;
				SUPPORTS_MAC_DESIGNED_FOR_IPHONE_IPAD = NO;
				SUPPORTS_XR_DESIGNED_FOR_IPHONE_IPAD = NO;
				SWIFT_EMIT_LOC_STRINGS = YES;
				SWIFT_VERSION = 5.0;
				TARGETED_DEVICE_FAMILY = 1;
			};
			name = Debug;
		};
		F173690B2CD86B1300F6242C /* Release */ = {
			isa = XCBuildConfiguration;
			buildSettings = {
				ASSETCATALOG_COMPILER_APPICON_NAME = AppIcon;
				ASSETCATALOG_COMPILER_GLOBAL_ACCENT_COLOR_NAME = AccentColor;
				CODE_SIGN_STYLE = Automatic;
				CURRENT_PROJECT_VERSION = 1;
				DEVELOPMENT_TEAM = B3PWYBKFUK;
				GENERATE_INFOPLIST_FILE = YES;
				INFOPLIST_FILE = Molio/Resource/Info.plist;
				INFOPLIST_KEY_NSAppleMusicUsageDescription = "Apple Music의 음악 데이터를 검색하거나 플레이리스트를 내보내려면 Apple Music 접근 권한 승인이 필요합니다.";
				INFOPLIST_KEY_UIApplicationSupportsIndirectInputEvents = YES;
				INFOPLIST_KEY_UILaunchStoryboardName = LaunchScreen;
				INFOPLIST_KEY_UIMainStoryboardFile = Main;
				INFOPLIST_KEY_UISupportedInterfaceOrientations_iPad = "UIInterfaceOrientationPortrait UIInterfaceOrientationPortraitUpsideDown UIInterfaceOrientationLandscapeLeft UIInterfaceOrientationLandscapeRight";
				INFOPLIST_KEY_UISupportedInterfaceOrientations_iPhone = "UIInterfaceOrientationPortrait UIInterfaceOrientationLandscapeLeft UIInterfaceOrientationLandscapeRight";
				IPHONEOS_DEPLOYMENT_TARGET = 16.0;
				LD_RUNPATH_SEARCH_PATHS = (
					"$(inherited)",
					"@executable_path/Frameworks",
				);
				MARKETING_VERSION = 1.0;
				PRODUCT_BUNDLE_IDENTIFIER = kr.codesquad.boostcamp9.Molio;
				PRODUCT_NAME = "$(TARGET_NAME)";
				SUPPORTED_PLATFORMS = "iphoneos iphonesimulator";
				SUPPORTS_MACCATALYST = NO;
				SUPPORTS_MAC_DESIGNED_FOR_IPHONE_IPAD = NO;
				SUPPORTS_XR_DESIGNED_FOR_IPHONE_IPAD = NO;
				SWIFT_EMIT_LOC_STRINGS = YES;
				SWIFT_VERSION = 5.0;
				TARGETED_DEVICE_FAMILY = 1;
			};
			name = Release;
		};
/* End XCBuildConfiguration section */

/* Begin XCConfigurationList section */
		F17368F02CD86B1100F6242C /* Build configuration list for PBXProject "Molio" */ = {
			isa = XCConfigurationList;
			buildConfigurations = (
				F17369072CD86B1300F6242C /* Debug */,
				F17369082CD86B1300F6242C /* Release */,
			);
			defaultConfigurationIsVisible = 0;
			defaultConfigurationName = Release;
		};
		F17369092CD86B1300F6242C /* Build configuration list for PBXNativeTarget "Molio" */ = {
			isa = XCConfigurationList;
			buildConfigurations = (
				F173690A2CD86B1300F6242C /* Debug */,
				F173690B2CD86B1300F6242C /* Release */,
			);
			defaultConfigurationIsVisible = 0;
			defaultConfigurationName = Release;
		};
/* End XCConfigurationList section */

/* Begin XCRemoteSwiftPackageReference section */
		F17369102CDAFE3600F6242C /* XCRemoteSwiftPackageReference "SwiftLintPlugins" */ = {
			isa = XCRemoteSwiftPackageReference;
			repositoryURL = "https://github.com/SimplyDanny/SwiftLintPlugins";
			requirement = {
				kind = upToNextMajorVersion;
				minimumVersion = 0.57.0;
			};
		};
/* End XCRemoteSwiftPackageReference section */

/* Begin XCSwiftPackageProductDependency section */
		F17369142CDB004100F6242C /* SwiftLintBuildToolPlugin */ = {
			isa = XCSwiftPackageProductDependency;
			package = F17369102CDAFE3600F6242C /* XCRemoteSwiftPackageReference "SwiftLintPlugins" */;
			productName = "plugin:SwiftLintBuildToolPlugin";
		};
/* End XCSwiftPackageProductDependency section */
	};
	rootObject = F17368ED2CD86B1100F6242C /* Project object */;
}
